{
  "version": 4,
  "terraform_version": "1.10.5",
  "serial": 137,
  "lineage": "387e0128-7818-bd5e-f9a8-c5ef3d942ac4",
  "outputs": {
    "backend_instance_id": {
      "value": "i-07494372883d9f25e",
      "type": "string"
    },
    "frontend_instance_id": {
      "value": "i-0b20a8776598a286c",
      "type": "string"
    }
  },
  "resources": [
    {
      "mode": "data",
      "type": "aws_ami",
      "name": "amazon_linux",
      "provider": "provider[\"registry.terraform.io/hashicorp/aws\"]",
      "instances": [
        {
          "schema_version": 0,
          "attributes": {
            "architecture": "x86_64",
            "arn": "arn:aws:ec2:eu-west-1::image/ami-08a28be5eae6c1d68",
            "block_device_mappings": [
              {
                "device_name": "/dev/xvda",
                "ebs": {
                  "delete_on_termination": "true",
                  "encrypted": "false",
                  "iops": "0",
                  "snapshot_id": "snap-03044c8e58586180b",
                  "throughput": "0",
                  "volume_size": "8",
                  "volume_type": "gp2"
                },
                "no_device": "",
                "virtual_name": ""
              }
            ],
            "boot_mode": "",
            "creation_date": "2025-02-01T08:25:18.000Z",
            "deprecation_time": "2025-07-01T00:00:00.000Z",
            "description": "Amazon Linux 2 AMI 2.0.20250201.0 x86_64 HVM gp2",
            "ena_support": true,
            "executable_users": null,
            "filter": [
              {
                "name": "name",
                "values": [
                  "amzn2-ami-hvm-*-x86_64-gp2"
                ]
              },
              {
                "name": "state",
                "values": [
                  "available"
                ]
              }
            ],
            "hypervisor": "xen",
            "id": "ami-08a28be5eae6c1d68",
            "image_id": "ami-08a28be5eae6c1d68",
            "image_location": "amazon/amzn2-ami-hvm-2.0.20250201.0-x86_64-gp2",
            "image_owner_alias": "amazon",
            "image_type": "machine",
            "imds_support": "",
            "include_deprecated": false,
            "kernel_id": "",
            "most_recent": true,
            "name": "amzn2-ami-hvm-2.0.20250201.0-x86_64-gp2",
            "name_regex": null,
            "owner_id": "137112412989",
            "owners": [
              "amazon"
            ],
            "platform": "",
            "platform_details": "Linux/UNIX",
            "product_codes": [],
            "public": true,
            "ramdisk_id": "",
            "root_device_name": "/dev/xvda",
            "root_device_type": "ebs",
            "root_snapshot_id": "snap-03044c8e58586180b",
            "sriov_net_support": "simple",
            "state": "available",
            "state_reason": {
              "code": "UNSET",
              "message": "UNSET"
            },
            "tags": {},
            "timeouts": null,
            "tpm_support": "",
            "uefi_data": null,
            "usage_operation": "RunInstances",
            "virtualization_type": "hvm"
          },
          "sensitive_attributes": []
        }
      ]
    },
    {
      "mode": "data",
      "type": "aws_iam_policy_document",
      "name": "s3_access_policy",
      "provider": "provider[\"registry.terraform.io/hashicorp/aws\"]",
      "instances": [
        {
          "schema_version": 0,
          "attributes": {
            "id": "1756601947",
            "json": "{\n  \"Version\": \"2012-10-17\",\n  \"Statement\": [\n    {\n      \"Effect\": \"Allow\",\n      \"Action\": \"s3:GetObject\",\n      \"Resource\": \"arn:aws:s3:::lti-project-code-bucket/*\"\n    }\n  ]\n}",
            "minified_json": "{\"Version\":\"2012-10-17\",\"Statement\":[{\"Effect\":\"Allow\",\"Action\":\"s3:GetObject\",\"Resource\":\"arn:aws:s3:::lti-project-code-bucket/*\"}]}",
            "override_json": null,
            "override_policy_documents": null,
            "policy_id": null,
            "source_json": null,
            "source_policy_documents": null,
            "statement": [
              {
                "actions": [
                  "s3:GetObject"
                ],
                "condition": [],
                "effect": "Allow",
                "not_actions": [],
                "not_principals": [],
                "not_resources": [],
                "principals": [],
                "resources": [
                  "arn:aws:s3:::lti-project-code-bucket/*"
                ],
                "sid": ""
              }
            ],
            "version": "2012-10-17"
          },
          "sensitive_attributes": []
        }
      ]
    },
    {
      "mode": "data",
      "type": "aws_instances",
      "name": "all",
      "provider": "provider[\"registry.terraform.io/hashicorp/aws\"]",
      "instances": [
        {
          "schema_version": 0,
          "attributes": {
            "filter": [
              {
                "name": "instance-state-name",
                "values": [
                  "running"
                ]
              }
            ],
            "id": "eu-west-1",
            "ids": [
              "i-07494372883d9f25e",
              "i-0b20a8776598a286c"
            ],
            "instance_state_names": null,
            "instance_tags": null,
            "ipv6_addresses": [],
            "private_ips": [
              "172.31.0.119",
              "172.31.0.254"
            ],
            "public_ips": [],
            "timeouts": null
          },
          "sensitive_attributes": []
        }
      ]
    },
    {
      "mode": "managed",
      "type": "aws_eip",
      "name": "backend_eip",
      "provider": "provider[\"registry.terraform.io/hashicorp/aws\"]",
      "instances": [
        {
          "schema_version": 0,
          "attributes": {
            "address": null,
            "allocation_id": "eipalloc-0c0b504afa732e915",
            "arn": "arn:aws:ec2:eu-west-1:047387524713:elastic-ip/eipalloc-0c0b504afa732e915",
            "associate_with_private_ip": "172.31.0.119",
            "association_id": "eipassoc-0b524fd5124a30eed",
            "carrier_ip": "",
            "customer_owned_ip": "",
            "customer_owned_ipv4_pool": "",
            "domain": "vpc",
            "id": "eipalloc-0c0b504afa732e915",
            "instance": "i-07494372883d9f25e",
            "ipam_pool_id": null,
            "network_border_group": "eu-west-1",
            "network_interface": "eni-0d5354226f2edcf13",
            "private_dns": "ip-172-31-0-119.eu-west-1.compute.internal",
            "private_ip": "172.31.0.119",
            "ptr_record": "",
            "public_dns": "ec2-52-209-178-188.eu-west-1.compute.amazonaws.com",
            "public_ip": "52.209.178.188",
            "public_ipv4_pool": "amazon",
            "tags": null,
            "tags_all": {},
            "timeouts": null,
            "vpc": true
          },
          "sensitive_attributes": [],
          "private": "eyJlMmJmYjczMC1lY2FhLTExZTYtOGY4OC0zNDM2M2JjN2M0YzAiOnsiZGVsZXRlIjoxODAwMDAwMDAwMDAsInJlYWQiOjkwMDAwMDAwMDAwMCwidXBkYXRlIjozMDAwMDAwMDAwMDB9fQ==",
          "dependencies": [
            "aws_iam_instance_profile.ec2_instance_profile",
            "aws_iam_role.ec2_role",
            "aws_instance.backend",
            "aws_security_group.backend_sg",
            "data.aws_ami.amazon_linux"
          ]
        }
      ]
    },
    {
      "mode": "managed",
      "type": "aws_eip",
      "name": "frontend_eip",
      "provider": "provider[\"registry.terraform.io/hashicorp/aws\"]",
      "instances": [
        {
          "schema_version": 0,
          "attributes": {
            "address": null,
            "allocation_id": "eipalloc-0cd38bc7421e78a15",
            "arn": "arn:aws:ec2:eu-west-1:047387524713:elastic-ip/eipalloc-0cd38bc7421e78a15",
            "associate_with_private_ip": "172.31.0.254",
            "association_id": "eipassoc-0cf1f0bfd73c3aef9",
            "carrier_ip": "",
            "customer_owned_ip": "",
            "customer_owned_ipv4_pool": "",
            "domain": "vpc",
            "id": "eipalloc-0cd38bc7421e78a15",
            "instance": "i-0b20a8776598a286c",
            "ipam_pool_id": null,
            "network_border_group": "eu-west-1",
            "network_interface": "eni-00d43ed5b719d616c",
            "private_dns": "ip-172-31-0-254.eu-west-1.compute.internal",
            "private_ip": "172.31.0.254",
            "ptr_record": "",
            "public_dns": "ec2-54-246-83-195.eu-west-1.compute.amazonaws.com",
            "public_ip": "54.246.83.195",
            "public_ipv4_pool": "amazon",
            "tags": null,
            "tags_all": {},
            "timeouts": null,
            "vpc": true
          },
          "sensitive_attributes": [],
          "private": "eyJlMmJmYjczMC1lY2FhLTExZTYtOGY4OC0zNDM2M2JjN2M0YzAiOnsiZGVsZXRlIjoxODAwMDAwMDAwMDAsInJlYWQiOjkwMDAwMDAwMDAwMCwidXBkYXRlIjozMDAwMDAwMDAwMDB9fQ==",
          "dependencies": [
            "aws_iam_instance_profile.ec2_instance_profile",
            "aws_iam_role.ec2_role",
            "aws_instance.frontend",
            "aws_security_group.frontend_sg",
            "data.aws_ami.amazon_linux"
          ]
        }
      ]
    },
    {
      "mode": "managed",
      "type": "aws_iam_instance_profile",
      "name": "ec2_instance_profile",
      "provider": "provider[\"registry.terraform.io/hashicorp/aws\"]",
      "instances": [
        {
          "schema_version": 0,
          "attributes": {
            "arn": "arn:aws:iam::047387524713:instance-profile/lti-project-ec2-instance-profile",
            "create_date": "2025-02-23T13:36:44Z",
            "id": "lti-project-ec2-instance-profile",
            "name": "lti-project-ec2-instance-profile",
            "name_prefix": "",
            "path": "/",
            "role": "lti-project-ec2-role",
            "tags": {},
            "tags_all": {},
            "unique_id": "AIPAQWCEEHZU4DP6YLZLJ"
          },
          "sensitive_attributes": [],
          "private": "bnVsbA==",
          "dependencies": [
            "aws_iam_role.ec2_role"
          ]
        }
      ]
    },
    {
      "mode": "managed",
      "type": "aws_iam_policy",
      "name": "datadog_policy",
      "provider": "provider[\"registry.terraform.io/hashicorp/aws\"]",
      "instances": [
        {
          "schema_version": 0,
          "attributes": {
            "arn": "arn:aws:iam::047387524713:policy/DatadogPolicy",
            "attachment_count": 0,
            "description": "PolÃ­tica para permitir a Datadog acceder a CloudWatch",
            "id": "arn:aws:iam::047387524713:policy/DatadogPolicy",
            "name": "DatadogPolicy",
            "name_prefix": "",
            "path": "/",
            "policy": "{\"Statement\":[{\"Action\":[\"ec2:DescribeInstances\",\"ec2:DescribeImages\",\"ec2:DescribeSecurityGroups\",\"ec2:RunInstances\",\"ec2:TerminateInstances\",\"ec2:CreateTags\",\"ec2:DeleteTags\",\"iam:GetPolicy\",\"iam:GetRole\",\"iam:PassRole\",\"s3:ListBucket\",\"s3:GetObject\",\"s3:PutObject\",\"cloudwatch:GetMetricData\",\"cloudwatch:ListMetrics\",\"logs:DescribeLogGroups\",\"logs:DescribeLogStreams\",\"logs:GetLogEvents\",\"tag:GetResources\",\"tag:GetTagKeys\",\"tag:GetTagValues\"],\"Effect\":\"Allow\",\"Resource\":\"*\"}],\"Version\":\"2012-10-17\"}",
            "policy_id": "ANPAQWCEEHZUVNMHLBY7P",
            "tags": null,
            "tags_all": {}
          },
          "sensitive_attributes": [],
          "private": "bnVsbA=="
        }
      ]
    },
    {
      "mode": "managed",
      "type": "aws_iam_policy",
      "name": "s3_access_policy",
      "provider": "provider[\"registry.terraform.io/hashicorp/aws\"]",
      "instances": [
        {
          "schema_version": 0,
          "attributes": {
            "arn": "arn:aws:iam::047387524713:policy/s3-access-policy",
            "attachment_count": 1,
            "description": "",
            "id": "arn:aws:iam::047387524713:policy/s3-access-policy",
            "name": "s3-access-policy",
            "name_prefix": "",
            "path": "/",
            "policy": "{\"Statement\":[{\"Action\":\"s3:GetObject\",\"Effect\":\"Allow\",\"Resource\":\"arn:aws:s3:::lti-project-code-bucket/*\"}],\"Version\":\"2012-10-17\"}",
            "policy_id": "ANPAQWCEEHZU2TI22H6AF",
            "tags": {},
            "tags_all": {}
          },
          "sensitive_attributes": [],
          "private": "bnVsbA==",
          "dependencies": [
            "aws_s3_bucket.code_bucket",
            "data.aws_iam_policy_document.s3_access_policy"
          ]
        }
      ]
    },
    {
      "mode": "managed",
      "type": "aws_iam_role",
      "name": "ec2_role",
      "provider": "provider[\"registry.terraform.io/hashicorp/aws\"]",
      "instances": [
        {
          "schema_version": 0,
          "attributes": {
            "arn": "arn:aws:iam::047387524713:role/lti-project-ec2-role",
            "assume_role_policy": "{\"Statement\":[{\"Action\":\"sts:AssumeRole\",\"Effect\":\"Allow\",\"Principal\":{\"Service\":\"ec2.amazonaws.com\"},\"Sid\":\"\"}],\"Version\":\"2012-10-17\"}",
            "create_date": "2025-02-23T13:36:43Z",
            "description": "",
            "force_detach_policies": false,
            "id": "lti-project-ec2-role",
            "inline_policy": [],
            "managed_policy_arns": [
              "arn:aws:iam::047387524713:policy/s3-access-policy"
            ],
            "max_session_duration": 3600,
            "name": "lti-project-ec2-role",
            "name_prefix": "",
            "path": "/",
            "permissions_boundary": "",
            "tags": {},
            "tags_all": {},
            "unique_id": "AROAQWCEEHZUYUECODQ6N"
          },
          "sensitive_attributes": [],
          "private": "bnVsbA=="
        }
      ]
    },
    {
      "mode": "managed",
      "type": "aws_iam_role_policy_attachment",
      "name": "attach_s3_access_policy",
      "provider": "provider[\"registry.terraform.io/hashicorp/aws\"]",
      "instances": [
        {
          "schema_version": 0,
          "attributes": {
            "id": "lti-project-ec2-role-20250223133645614100000001",
            "policy_arn": "arn:aws:iam::047387524713:policy/s3-access-policy",
            "role": "lti-project-ec2-role"
          },
          "sensitive_attributes": [],
          "private": "bnVsbA==",
          "dependencies": [
            "aws_iam_policy.s3_access_policy",
            "aws_iam_role.ec2_role",
            "aws_s3_bucket.code_bucket",
            "data.aws_iam_policy_document.s3_access_policy"
          ]
        }
      ]
    },
    {
      "mode": "managed",
      "type": "aws_instance",
      "name": "backend",
      "provider": "provider[\"registry.terraform.io/hashicorp/aws\"]",
      "instances": [
        {
          "schema_version": 1,
          "attributes": {
            "ami": "ami-08a28be5eae6c1d68",
            "arn": "arn:aws:ec2:eu-west-1:047387524713:instance/i-07494372883d9f25e",
            "associate_public_ip_address": false,
            "availability_zone": "eu-west-1a",
            "capacity_reservation_specification": [
              {
                "capacity_reservation_preference": "open",
                "capacity_reservation_target": []
              }
            ],
            "cpu_core_count": 1,
            "cpu_options": [
              {
                "amd_sev_snp": "",
                "core_count": 1,
                "threads_per_core": 1
              }
            ],
            "cpu_threads_per_core": 1,
            "credit_specification": [
              {
                "cpu_credits": "standard"
              }
            ],
            "disable_api_stop": false,
            "disable_api_termination": false,
            "ebs_block_device": [],
            "ebs_optimized": false,
            "enable_primary_ipv6": null,
            "enclave_options": [
              {
                "enabled": false
              }
            ],
            "ephemeral_block_device": [],
            "get_password_data": false,
            "hibernation": false,
            "host_id": "",
            "host_resource_group_arn": null,
            "iam_instance_profile": "lti-project-ec2-instance-profile",
            "id": "i-07494372883d9f25e",
            "instance_initiated_shutdown_behavior": "stop",
            "instance_lifecycle": "",
            "instance_market_options": [],
            "instance_state": "running",
            "instance_type": "t2.micro",
            "ipv6_address_count": 0,
            "ipv6_addresses": [],
            "key_name": "",
            "launch_template": [],
            "maintenance_options": [
              {
                "auto_recovery": "default"
              }
            ],
            "metadata_options": [
              {
                "http_endpoint": "enabled",
                "http_protocol_ipv6": "disabled",
                "http_put_response_hop_limit": 1,
                "http_tokens": "optional",
                "instance_metadata_tags": "disabled"
              }
            ],
            "monitoring": false,
            "network_interface": [],
            "outpost_arn": "",
            "password_data": "",
            "placement_group": "",
            "placement_partition_number": 0,
            "primary_network_interface_id": "eni-0d5354226f2edcf13",
            "private_dns": "ip-172-31-0-119.eu-west-1.compute.internal",
            "private_dns_name_options": [
              {
                "enable_resource_name_dns_a_record": false,
                "enable_resource_name_dns_aaaa_record": false,
                "hostname_type": "ip-name"
              }
            ],
            "private_ip": "172.31.0.119",
            "public_dns": "",
            "public_ip": "",
            "root_block_device": [
              {
                "delete_on_termination": true,
                "device_name": "/dev/xvda",
                "encrypted": false,
                "iops": 100,
                "kms_key_id": "",
                "tags": {},
                "tags_all": {},
                "throughput": 0,
                "volume_id": "vol-0a1666fdded891eca",
                "volume_size": 8,
                "volume_type": "gp2"
              }
            ],
            "secondary_private_ips": [],
            "security_groups": [
              "lti-project-backend-sg"
            ],
            "source_dest_check": true,
            "spot_instance_request_id": "",
            "subnet_id": "subnet-07753fc3cf8cbbc9b",
            "tags": {
              "Datadog": "true",
              "Name": "lti-project-backend"
            },
            "tags_all": {
              "Datadog": "true",
              "Name": "lti-project-backend"
            },
            "tenancy": "default",
            "timeouts": null,
            "user_data": "3fbd39949f3f0cec5fe1c0bd80b0ef80272471fc",
            "user_data_base64": null,
            "user_data_replace_on_change": false,
            "volume_tags": null,
            "vpc_security_group_ids": [
              "sg-0ae89f16a4724bbe0"
            ]
          },
          "sensitive_attributes": [],
          "private": "eyJlMmJmYjczMC1lY2FhLTExZTYtOGY4OC0zNDM2M2JjN2M0YzAiOnsiY3JlYXRlIjo2MDAwMDAwMDAwMDAsImRlbGV0ZSI6MTIwMDAwMDAwMDAwMCwicmVhZCI6OTAwMDAwMDAwMDAwLCJ1cGRhdGUiOjYwMDAwMDAwMDAwMH0sInNjaGVtYV92ZXJzaW9uIjoiMSJ9",
          "dependencies": [
            "aws_iam_instance_profile.ec2_instance_profile",
            "aws_iam_role.ec2_role",
            "aws_security_group.backend_sg",
            "data.aws_ami.amazon_linux"
          ]
        }
      ]
    },
    {
      "mode": "managed",
      "type": "aws_instance",
      "name": "frontend",
      "provider": "provider[\"registry.terraform.io/hashicorp/aws\"]",
      "instances": [
        {
          "schema_version": 1,
          "attributes": {
            "ami": "ami-08a28be5eae6c1d68",
            "arn": "arn:aws:ec2:eu-west-1:047387524713:instance/i-0b20a8776598a286c",
            "associate_public_ip_address": false,
            "availability_zone": "eu-west-1a",
            "capacity_reservation_specification": [
              {
                "capacity_reservation_preference": "open",
                "capacity_reservation_target": []
              }
            ],
            "cpu_core_count": 2,
            "cpu_options": [
              {
                "amd_sev_snp": "",
                "core_count": 2,
                "threads_per_core": 1
              }
            ],
            "cpu_threads_per_core": 1,
            "credit_specification": [
              {
                "cpu_credits": "standard"
              }
            ],
            "disable_api_stop": false,
            "disable_api_termination": false,
            "ebs_block_device": [],
            "ebs_optimized": false,
            "enable_primary_ipv6": null,
            "enclave_options": [
              {
                "enabled": false
              }
            ],
            "ephemeral_block_device": [],
            "get_password_data": false,
            "hibernation": false,
            "host_id": "",
            "host_resource_group_arn": null,
            "iam_instance_profile": "lti-project-ec2-instance-profile",
            "id": "i-0b20a8776598a286c",
            "instance_initiated_shutdown_behavior": "stop",
            "instance_lifecycle": "",
            "instance_market_options": [],
            "instance_state": "running",
            "instance_type": "t2.medium",
            "ipv6_address_count": 0,
            "ipv6_addresses": [],
            "key_name": "",
            "launch_template": [],
            "maintenance_options": [
              {
                "auto_recovery": "default"
              }
            ],
            "metadata_options": [
              {
                "http_endpoint": "enabled",
                "http_protocol_ipv6": "disabled",
                "http_put_response_hop_limit": 1,
                "http_tokens": "optional",
                "instance_metadata_tags": "disabled"
              }
            ],
            "monitoring": false,
            "network_interface": [],
            "outpost_arn": "",
            "password_data": "",
            "placement_group": "",
            "placement_partition_number": 0,
            "primary_network_interface_id": "eni-00d43ed5b719d616c",
            "private_dns": "ip-172-31-0-254.eu-west-1.compute.internal",
            "private_dns_name_options": [
              {
                "enable_resource_name_dns_a_record": false,
                "enable_resource_name_dns_aaaa_record": false,
                "hostname_type": "ip-name"
              }
            ],
            "private_ip": "172.31.0.254",
            "public_dns": "",
            "public_ip": "",
            "root_block_device": [
              {
                "delete_on_termination": true,
                "device_name": "/dev/xvda",
                "encrypted": false,
                "iops": 100,
                "kms_key_id": "",
                "tags": {},
                "tags_all": {},
                "throughput": 0,
                "volume_id": "vol-08f8b7f795a257cf5",
                "volume_size": 8,
                "volume_type": "gp2"
              }
            ],
            "secondary_private_ips": [],
            "security_groups": [
              "lti-project-frontend-sg"
            ],
            "source_dest_check": true,
            "spot_instance_request_id": "",
            "subnet_id": "subnet-07753fc3cf8cbbc9b",
            "tags": {
              "Datadog": "true",
              "Name": "lti-project-frontend"
            },
            "tags_all": {
              "Datadog": "true",
              "Name": "lti-project-frontend"
            },
            "tenancy": "default",
            "timeouts": null,
            "user_data": "ee08276f3466693e2225f759d5c99f7c551b8e30",
            "user_data_base64": null,
            "user_data_replace_on_change": false,
            "volume_tags": null,
            "vpc_security_group_ids": [
              "sg-0919d7956dc15f351"
            ]
          },
          "sensitive_attributes": [],
          "private": "eyJlMmJmYjczMC1lY2FhLTExZTYtOGY4OC0zNDM2M2JjN2M0YzAiOnsiY3JlYXRlIjo2MDAwMDAwMDAwMDAsImRlbGV0ZSI6MTIwMDAwMDAwMDAwMCwicmVhZCI6OTAwMDAwMDAwMDAwLCJ1cGRhdGUiOjYwMDAwMDAwMDAwMH0sInNjaGVtYV92ZXJzaW9uIjoiMSJ9",
          "dependencies": [
            "aws_iam_instance_profile.ec2_instance_profile",
            "aws_iam_role.ec2_role",
            "aws_security_group.frontend_sg",
            "data.aws_ami.amazon_linux"
          ]
        }
      ]
    },
    {
      "mode": "managed",
      "type": "aws_s3_bucket",
      "name": "code_bucket",
      "provider": "provider[\"registry.terraform.io/hashicorp/aws\"]",
      "instances": [
        {
          "schema_version": 0,
          "attributes": {
            "acceleration_status": "",
            "acl": null,
            "arn": "arn:aws:s3:::lti-project-code-bucket",
            "bucket": "lti-project-code-bucket",
            "bucket_domain_name": "lti-project-code-bucket.s3.amazonaws.com",
            "bucket_prefix": "",
            "bucket_regional_domain_name": "lti-project-code-bucket.s3.eu-west-1.amazonaws.com",
            "cors_rule": [],
            "force_destroy": false,
            "grant": [
              {
                "id": "ccef3b918fd31e70a48e701c524a782b76e8bc211bbda75a6ea47c02483aa06b",
                "permissions": [
                  "FULL_CONTROL"
                ],
                "type": "CanonicalUser",
                "uri": ""
              }
            ],
            "hosted_zone_id": "Z1BKCTXD74EZPE",
            "id": "lti-project-code-bucket",
            "lifecycle_rule": [],
            "logging": [],
            "object_lock_configuration": [],
            "object_lock_enabled": false,
            "policy": "",
            "region": "eu-west-1",
            "replication_configuration": [],
            "request_payer": "BucketOwner",
            "server_side_encryption_configuration": [
              {
                "rule": [
                  {
                    "apply_server_side_encryption_by_default": [
                      {
                        "kms_master_key_id": "",
                        "sse_algorithm": "AES256"
                      }
                    ],
                    "bucket_key_enabled": false
                  }
                ]
              }
            ],
            "tags": {},
            "tags_all": {},
            "timeouts": null,
            "versioning": [
              {
                "enabled": false,
                "mfa_delete": false
              }
            ],
            "website": [],
            "website_domain": null,
            "website_endpoint": null
          },
          "sensitive_attributes": [],
          "private": "eyJlMmJmYjczMC1lY2FhLTExZTYtOGY4OC0zNDM2M2JjN2M0YzAiOnsiY3JlYXRlIjoxMjAwMDAwMDAwMDAwLCJkZWxldGUiOjM2MDAwMDAwMDAwMDAsInJlYWQiOjEyMDAwMDAwMDAwMDAsInVwZGF0ZSI6MTIwMDAwMDAwMDAwMH19"
        }
      ]
    },
    {
      "mode": "managed",
      "type": "aws_s3_object",
      "name": "backend_zip",
      "provider": "provider[\"registry.terraform.io/hashicorp/aws\"]",
      "instances": [
        {
          "schema_version": 0,
          "attributes": {
            "acl": "private",
            "arn": "arn:aws:s3:::lti-project-code-bucket/backend.zip",
            "bucket": "lti-project-code-bucket",
            "bucket_key_enabled": false,
            "cache_control": "",
            "checksum_algorithm": null,
            "checksum_crc32": "",
            "checksum_crc32c": "",
            "checksum_sha1": "",
            "checksum_sha256": "",
            "content": null,
            "content_base64": null,
            "content_disposition": "",
            "content_encoding": "",
            "content_language": "",
            "content_type": "application/octet-stream",
            "etag": "733be52824c6c6f3b4dd53fb553a051c",
            "force_destroy": false,
            "id": "backend.zip",
            "key": "backend.zip",
            "kms_key_id": null,
            "metadata": {},
            "object_lock_legal_hold_status": "",
            "object_lock_mode": "",
            "object_lock_retain_until_date": "",
            "override_provider": [],
            "server_side_encryption": "AES256",
            "source": "../backend.zip",
            "source_hash": null,
            "storage_class": "STANDARD",
            "tags": {},
            "tags_all": {},
            "version_id": "",
            "website_redirect": ""
          },
          "sensitive_attributes": [],
          "private": "bnVsbA==",
          "dependencies": [
            "aws_s3_bucket.code_bucket"
          ]
        }
      ]
    },
    {
      "mode": "managed",
      "type": "aws_s3_object",
      "name": "frontend_zip",
      "provider": "provider[\"registry.terraform.io/hashicorp/aws\"]",
      "instances": [
        {
          "schema_version": 0,
          "attributes": {
            "acl": null,
            "arn": "arn:aws:s3:::lti-project-code-bucket/frontend.zip",
            "bucket": "lti-project-code-bucket",
            "bucket_key_enabled": false,
            "cache_control": "",
            "checksum_algorithm": null,
            "checksum_crc32": "",
            "checksum_crc32c": "",
            "checksum_sha1": "",
            "checksum_sha256": "",
            "content": null,
            "content_base64": null,
            "content_disposition": "",
            "content_encoding": "",
            "content_language": "",
            "content_type": "application/octet-stream",
            "etag": "b43637823b460710665a3181ca89f4e9",
            "force_destroy": false,
            "id": "frontend.zip",
            "key": "frontend.zip",
            "kms_key_id": null,
            "metadata": {},
            "object_lock_legal_hold_status": "",
            "object_lock_mode": "",
            "object_lock_retain_until_date": "",
            "override_provider": [],
            "server_side_encryption": "AES256",
            "source": "../frontend.zip",
            "source_hash": null,
            "storage_class": "STANDARD",
            "tags": {},
            "tags_all": {},
            "version_id": "",
            "website_redirect": ""
          },
          "sensitive_attributes": [],
          "private": "bnVsbA==",
          "dependencies": [
            "aws_s3_bucket.code_bucket",
            "null_resource.generate_zip"
          ]
        }
      ]
    },
    {
      "mode": "managed",
      "type": "aws_security_group",
      "name": "backend_sg",
      "provider": "provider[\"registry.terraform.io/hashicorp/aws\"]",
      "instances": [
        {
          "schema_version": 1,
          "attributes": {
            "arn": "arn:aws:ec2:eu-west-1:047387524713:security-group/sg-0ae89f16a4724bbe0",
            "description": "Allow HTTP and SSH access",
            "egress": [
              {
                "cidr_blocks": [
                  "0.0.0.0/0"
                ],
                "description": "",
                "from_port": 0,
                "ipv6_cidr_blocks": [],
                "prefix_list_ids": [],
                "protocol": "-1",
                "security_groups": [],
                "self": false,
                "to_port": 0
              }
            ],
            "id": "sg-0ae89f16a4724bbe0",
            "ingress": [
              {
                "cidr_blocks": [
                  "0.0.0.0/0"
                ],
                "description": "",
                "from_port": 22,
                "ipv6_cidr_blocks": [],
                "prefix_list_ids": [],
                "protocol": "tcp",
                "security_groups": [],
                "self": false,
                "to_port": 22
              },
              {
                "cidr_blocks": [
                  "0.0.0.0/0"
                ],
                "description": "",
                "from_port": 8080,
                "ipv6_cidr_blocks": [],
                "prefix_list_ids": [],
                "protocol": "tcp",
                "security_groups": [],
                "self": false,
                "to_port": 8080
              }
            ],
            "name": "lti-project-backend-sg",
            "name_prefix": "",
            "owner_id": "047387524713",
            "revoke_rules_on_delete": false,
            "tags": {},
            "tags_all": {},
            "timeouts": null,
            "vpc_id": "vpc-03a6b4ecdfaae15ae"
          },
          "sensitive_attributes": [],
          "private": "eyJlMmJmYjczMC1lY2FhLTExZTYtOGY4OC0zNDM2M2JjN2M0YzAiOnsiY3JlYXRlIjo2MDAwMDAwMDAwMDAsImRlbGV0ZSI6OTAwMDAwMDAwMDAwfSwic2NoZW1hX3ZlcnNpb24iOiIxIn0="
        }
      ]
    },
    {
      "mode": "managed",
      "type": "aws_security_group",
      "name": "frontend_sg",
      "provider": "provider[\"registry.terraform.io/hashicorp/aws\"]",
      "instances": [
        {
          "schema_version": 1,
          "attributes": {
            "arn": "arn:aws:ec2:eu-west-1:047387524713:security-group/sg-0919d7956dc15f351",
            "description": "Allow HTTP and SSH access",
            "egress": [
              {
                "cidr_blocks": [
                  "0.0.0.0/0"
                ],
                "description": "",
                "from_port": 0,
                "ipv6_cidr_blocks": [],
                "prefix_list_ids": [],
                "protocol": "-1",
                "security_groups": [],
                "self": false,
                "to_port": 0
              }
            ],
            "id": "sg-0919d7956dc15f351",
            "ingress": [
              {
                "cidr_blocks": [
                  "0.0.0.0/0"
                ],
                "description": "",
                "from_port": 22,
                "ipv6_cidr_blocks": [],
                "prefix_list_ids": [],
                "protocol": "tcp",
                "security_groups": [],
                "self": false,
                "to_port": 22
              },
              {
                "cidr_blocks": [
                  "0.0.0.0/0"
                ],
                "description": "",
                "from_port": 3000,
                "ipv6_cidr_blocks": [],
                "prefix_list_ids": [],
                "protocol": "tcp",
                "security_groups": [],
                "self": false,
                "to_port": 3000
              }
            ],
            "name": "lti-project-frontend-sg",
            "name_prefix": "",
            "owner_id": "047387524713",
            "revoke_rules_on_delete": false,
            "tags": {},
            "tags_all": {},
            "timeouts": null,
            "vpc_id": "vpc-03a6b4ecdfaae15ae"
          },
          "sensitive_attributes": [],
          "private": "eyJlMmJmYjczMC1lY2FhLTExZTYtOGY4OC0zNDM2M2JjN2M0YzAiOnsiY3JlYXRlIjo2MDAwMDAwMDAwMDAsImRlbGV0ZSI6OTAwMDAwMDAwMDAwfSwic2NoZW1hX3ZlcnNpb24iOiIxIn0="
        }
      ]
    },
    {
      "mode": "managed",
      "type": "aws_subnet",
      "name": "my_subnet",
      "provider": "provider[\"registry.terraform.io/hashicorp/aws\"]",
      "instances": [
        {
          "schema_version": 1,
          "attributes": {
            "arn": "arn:aws:ec2:eu-west-1:047387524713:subnet/subnet-0d116ed83301a60b6",
            "assign_ipv6_address_on_creation": false,
            "availability_zone": "eu-west-1a",
            "availability_zone_id": "euw1-az1",
            "cidr_block": "172.31.1.0/24",
            "customer_owned_ipv4_pool": "",
            "enable_dns64": false,
            "enable_lni_at_device_index": 0,
            "enable_resource_name_dns_a_record_on_launch": false,
            "enable_resource_name_dns_aaaa_record_on_launch": false,
            "id": "subnet-0d116ed83301a60b6",
            "ipv6_cidr_block": "",
            "ipv6_cidr_block_association_id": "",
            "ipv6_native": false,
            "map_customer_owned_ip_on_launch": false,
            "map_public_ip_on_launch": true,
            "outpost_arn": "",
            "owner_id": "047387524713",
            "private_dns_hostname_type_on_launch": "ip-name",
            "tags": {},
            "tags_all": {},
            "timeouts": null,
            "vpc_id": "vpc-03a6b4ecdfaae15ae"
          },
          "sensitive_attributes": [],
          "private": "eyJlMmJmYjczMC1lY2FhLTExZTYtOGY4OC0zNDM2M2JjN2M0YzAiOnsiY3JlYXRlIjo2MDAwMDAwMDAwMDAsImRlbGV0ZSI6MTIwMDAwMDAwMDAwMH0sInNjaGVtYV92ZXJzaW9uIjoiMSJ9"
        }
      ]
    },
    {
      "mode": "managed",
      "type": "datadog_dashboard",
      "name": "aws_dashboard",
      "provider": "provider[\"registry.terraform.io/datadog/datadog\"]",
      "instances": [
        {
          "schema_version": 0,
          "attributes": {
            "dashboard_lists": null,
            "dashboard_lists_removed": [],
            "description": "Dashboard para monitorizar métricas clave de AWS",
            "id": "x62-rwt-4sa",
            "is_read_only": false,
            "layout_type": "ordered",
            "notify_list": [],
            "reflow_type": "",
            "restricted_roles": [],
            "tags": [],
            "template_variable": [],
            "template_variable_preset": [],
            "title": "AWS Infrastructure Dashboard",
            "url": "/dashboard/x62-rwt-4sa/aws-infrastructure-dashboard",
            "widget": [
              {
                "alert_graph_definition": [],
                "alert_value_definition": [],
                "change_definition": [],
                "check_status_definition": [],
                "distribution_definition": [],
                "event_stream_definition": [],
                "event_timeline_definition": [],
                "free_text_definition": [],
                "geomap_definition": [],
                "group_definition": [],
                "heatmap_definition": [],
                "hostmap_definition": [],
                "id": 275726988970242,
                "iframe_definition": [],
                "image_definition": [],
                "list_stream_definition": [],
                "log_stream_definition": [],
                "manage_status_definition": [],
                "note_definition": [],
                "powerpack_definition": [],
                "query_table_definition": [],
                "query_value_definition": [],
                "run_workflow_definition": [],
                "scatterplot_definition": [],
                "service_level_objective_definition": [],
                "servicemap_definition": [],
                "slo_list_definition": [],
                "split_graph_definition": [],
                "sunburst_definition": [],
                "timeseries_definition": [
                  {
                    "custom_link": [],
                    "event": [],
                    "legend_columns": [],
                    "legend_layout": "",
                    "legend_size": "",
                    "live_span": "",
                    "marker": [],
                    "request": [
                      {
                        "apm_query": [],
                        "audit_query": [],
                        "display_type": "line",
                        "formula": [],
                        "log_query": [],
                        "metadata": [],
                        "network_query": [],
                        "on_right_yaxis": false,
                        "process_query": [],
                        "q": "avg:aws.ec2.cpuutilization{*} by {instance_id}",
                        "query": [],
                        "rum_query": [],
                        "security_query": [],
                        "style": []
                      }
                    ],
                    "right_yaxis": [],
                    "show_legend": false,
                    "title": "Utilización de CPU",
                    "title_align": "",
                    "title_size": "",
                    "yaxis": [
                      {
                        "include_zero": true,
                        "label": "Percentage",
                        "max": "",
                        "min": "",
                        "scale": "linear"
                      }
                    ]
                  }
                ],
                "toplist_definition": [],
                "topology_map_definition": [],
                "trace_service_definition": [],
                "treemap_definition": [],
                "widget_layout": []
              },
              {
                "alert_graph_definition": [],
                "alert_value_definition": [],
                "change_definition": [],
                "check_status_definition": [],
                "distribution_definition": [],
                "event_stream_definition": [],
                "event_timeline_definition": [],
                "free_text_definition": [],
                "geomap_definition": [],
                "group_definition": [],
                "heatmap_definition": [],
                "hostmap_definition": [],
                "id": 2353149375091539,
                "iframe_definition": [],
                "image_definition": [],
                "list_stream_definition": [],
                "log_stream_definition": [],
                "manage_status_definition": [],
                "note_definition": [],
                "powerpack_definition": [],
                "query_table_definition": [],
                "query_value_definition": [],
                "run_workflow_definition": [],
                "scatterplot_definition": [],
                "service_level_objective_definition": [],
                "servicemap_definition": [],
                "slo_list_definition": [],
                "split_graph_definition": [],
                "sunburst_definition": [],
                "timeseries_definition": [
                  {
                    "custom_link": [],
                    "event": [],
                    "legend_columns": [],
                    "legend_layout": "",
                    "legend_size": "",
                    "live_span": "",
                    "marker": [],
                    "request": [
                      {
                        "apm_query": [],
                        "audit_query": [],
                        "display_type": "line",
                        "formula": [],
                        "log_query": [],
                        "metadata": [],
                        "network_query": [],
                        "on_right_yaxis": false,
                        "process_query": [],
                        "q": "avg:aws.ec2.network_in{*} by {instance_id}",
                        "query": [],
                        "rum_query": [],
                        "security_query": [],
                        "style": []
                      }
                    ],
                    "right_yaxis": [],
                    "show_legend": false,
                    "title": "Red - Tráfico Entrante",
                    "title_align": "",
                    "title_size": "",
                    "yaxis": [
                      {
                        "include_zero": true,
                        "label": "Bytes",
                        "max": "",
                        "min": "",
                        "scale": "linear"
                      }
                    ]
                  }
                ],
                "toplist_definition": [],
                "topology_map_definition": [],
                "trace_service_definition": [],
                "treemap_definition": [],
                "widget_layout": []
              },
              {
                "alert_graph_definition": [],
                "alert_value_definition": [],
                "change_definition": [],
                "check_status_definition": [],
                "distribution_definition": [],
                "event_stream_definition": [],
                "event_timeline_definition": [],
                "free_text_definition": [],
                "geomap_definition": [],
                "group_definition": [],
                "heatmap_definition": [],
                "hostmap_definition": [],
                "id": 6832890172253680,
                "iframe_definition": [],
                "image_definition": [],
                "list_stream_definition": [],
                "log_stream_definition": [],
                "manage_status_definition": [],
                "note_definition": [],
                "powerpack_definition": [],
                "query_table_definition": [],
                "query_value_definition": [],
                "run_workflow_definition": [],
                "scatterplot_definition": [],
                "service_level_objective_definition": [],
                "servicemap_definition": [],
                "slo_list_definition": [],
                "split_graph_definition": [],
                "sunburst_definition": [],
                "timeseries_definition": [
                  {
                    "custom_link": [],
                    "event": [],
                    "legend_columns": [],
                    "legend_layout": "",
                    "legend_size": "",
                    "live_span": "",
                    "marker": [],
                    "request": [
                      {
                        "apm_query": [],
                        "audit_query": [],
                        "display_type": "line",
                        "formula": [],
                        "log_query": [],
                        "metadata": [],
                        "network_query": [],
                        "on_right_yaxis": false,
                        "process_query": [],
                        "q": "avg:aws.ec2.network_out{*} by {instance_id}",
                        "query": [],
                        "rum_query": [],
                        "security_query": [],
                        "style": []
                      }
                    ],
                    "right_yaxis": [],
                    "show_legend": false,
                    "title": "Red - Tráfico Saliente",
                    "title_align": "",
                    "title_size": "",
                    "yaxis": [
                      {
                        "include_zero": true,
                        "label": "Bytes",
                        "max": "",
                        "min": "",
                        "scale": "linear"
                      }
                    ]
                  }
                ],
                "toplist_definition": [],
                "topology_map_definition": [],
                "trace_service_definition": [],
                "treemap_definition": [],
                "widget_layout": []
              },
              {
                "alert_graph_definition": [],
                "alert_value_definition": [],
                "change_definition": [],
                "check_status_definition": [],
                "distribution_definition": [],
                "event_stream_definition": [],
                "event_timeline_definition": [],
                "free_text_definition": [],
                "geomap_definition": [],
                "group_definition": [],
                "heatmap_definition": [],
                "hostmap_definition": [],
                "id": 5211771438823399,
                "iframe_definition": [],
                "image_definition": [],
                "list_stream_definition": [],
                "log_stream_definition": [],
                "manage_status_definition": [],
                "note_definition": [],
                "powerpack_definition": [],
                "query_table_definition": [],
                "query_value_definition": [],
                "run_workflow_definition": [],
                "scatterplot_definition": [],
                "service_level_objective_definition": [],
                "servicemap_definition": [],
                "slo_list_definition": [],
                "split_graph_definition": [],
                "sunburst_definition": [],
                "timeseries_definition": [
                  {
                    "custom_link": [],
                    "event": [],
                    "legend_columns": [],
                    "legend_layout": "",
                    "legend_size": "",
                    "live_span": "",
                    "marker": [],
                    "request": [
                      {
                        "apm_query": [],
                        "audit_query": [],
                        "display_type": "line",
                        "formula": [],
                        "log_query": [],
                        "metadata": [],
                        "network_query": [],
                        "on_right_yaxis": false,
                        "process_query": [],
                        "q": "avg:aws.ec2.disk_read_bytes{*} by {instance_id}",
                        "query": [],
                        "rum_query": [],
                        "security_query": [],
                        "style": []
                      }
                    ],
                    "right_yaxis": [],
                    "show_legend": false,
                    "title": "Lecturas de Disco",
                    "title_align": "",
                    "title_size": "",
                    "yaxis": [
                      {
                        "include_zero": true,
                        "label": "Bytes",
                        "max": "",
                        "min": "",
                        "scale": "linear"
                      }
                    ]
                  }
                ],
                "toplist_definition": [],
                "topology_map_definition": [],
                "trace_service_definition": [],
                "treemap_definition": [],
                "widget_layout": []
              },
              {
                "alert_graph_definition": [],
                "alert_value_definition": [],
                "change_definition": [],
                "check_status_definition": [],
                "distribution_definition": [],
                "event_stream_definition": [],
                "event_timeline_definition": [],
                "free_text_definition": [],
                "geomap_definition": [],
                "group_definition": [],
                "heatmap_definition": [],
                "hostmap_definition": [],
                "id": 6797058151220345,
                "iframe_definition": [],
                "image_definition": [],
                "list_stream_definition": [],
                "log_stream_definition": [],
                "manage_status_definition": [],
                "note_definition": [],
                "powerpack_definition": [],
                "query_table_definition": [],
                "query_value_definition": [],
                "run_workflow_definition": [],
                "scatterplot_definition": [],
                "service_level_objective_definition": [],
                "servicemap_definition": [],
                "slo_list_definition": [],
                "split_graph_definition": [],
                "sunburst_definition": [],
                "timeseries_definition": [
                  {
                    "custom_link": [],
                    "event": [],
                    "legend_columns": [],
                    "legend_layout": "",
                    "legend_size": "",
                    "live_span": "",
                    "marker": [],
                    "request": [
                      {
                        "apm_query": [],
                        "audit_query": [],
                        "display_type": "line",
                        "formula": [],
                        "log_query": [],
                        "metadata": [],
                        "network_query": [],
                        "on_right_yaxis": false,
                        "process_query": [],
                        "q": "avg:aws.ec2.disk_write_bytes{*} by {instance_id}",
                        "query": [],
                        "rum_query": [],
                        "security_query": [],
                        "style": []
                      }
                    ],
                    "right_yaxis": [],
                    "show_legend": false,
                    "title": "Escrituras de Disco",
                    "title_align": "",
                    "title_size": "",
                    "yaxis": [
                      {
                        "include_zero": true,
                        "label": "Bytes",
                        "max": "",
                        "min": "",
                        "scale": "linear"
                      }
                    ]
                  }
                ],
                "toplist_definition": [],
                "topology_map_definition": [],
                "trace_service_definition": [],
                "treemap_definition": [],
                "widget_layout": []
              }
            ]
          },
          "sensitive_attributes": [],
          "private": "bnVsbA=="
        }
      ]
    },
    {
      "mode": "managed",
      "type": "null_resource",
      "name": "generate_zip",
      "provider": "provider[\"registry.terraform.io/hashicorp/null\"]",
      "instances": [
        {
          "schema_version": 0,
          "attributes": {
            "id": "9159387852517243606",
            "triggers": {
              "always_run": "2025-02-23T20:09:54Z"
            }
          },
          "sensitive_attributes": []
        }
      ]
    }
  ],
  "check_results": null
}
