{
  "version": 4,
  "terraform_version": "1.10.5",
  "serial": 152,
  "lineage": "387e0128-7818-bd5e-f9a8-c5ef3d942ac4",
  "outputs": {
    "backend_instance_id": {
      "value": "i-0c21033d703746a6c",
      "type": "string"
    },
    "backend_public_ip": {
      "value": "34.238.40.71",
      "type": "string"
    },
    "frontend_instance_id": {
      "value": "i-0e880c3344a572c02",
      "type": "string"
    },
    "frontend_public_ip": {
      "value": "54.167.51.17",
      "type": "string"
    }
  },
  "resources": [
    {
      "mode": "data",
      "type": "aws_ami",
      "name": "amazon_linux",
      "provider": "provider[\"registry.terraform.io/hashicorp/aws\"]",
      "instances": [
        {
          "schema_version": 0,
          "attributes": {
            "architecture": "x86_64",
            "arn": "arn:aws:ec2:us-east-1::image/ami-0ace34e9f53c91c5d",
            "block_device_mappings": [
              {
                "device_name": "/dev/xvda",
                "ebs": {
                  "delete_on_termination": "true",
                  "encrypted": "false",
                  "iops": "0",
                  "snapshot_id": "snap-0bf568edc120fa91f",
                  "throughput": "0",
                  "volume_size": "8",
                  "volume_type": "gp2"
                },
                "no_device": "",
                "virtual_name": ""
              }
            ],
            "boot_mode": "",
            "creation_date": "2025-02-20T22:38:11.000Z",
            "deprecation_time": "2025-07-01T00:00:00.000Z",
            "description": "Amazon Linux 2 AMI 2.0.20250220.0 x86_64 HVM gp2",
            "ena_support": true,
            "executable_users": null,
            "filter": [
              {
                "name": "name",
                "values": [
                  "amzn2-ami-hvm-*-x86_64-gp2"
                ]
              },
              {
                "name": "state",
                "values": [
                  "available"
                ]
              }
            ],
            "hypervisor": "xen",
            "id": "ami-0ace34e9f53c91c5d",
            "image_id": "ami-0ace34e9f53c91c5d",
            "image_location": "amazon/amzn2-ami-hvm-2.0.20250220.0-x86_64-gp2",
            "image_owner_alias": "amazon",
            "image_type": "machine",
            "imds_support": "",
            "include_deprecated": false,
            "kernel_id": "",
            "most_recent": true,
            "name": "amzn2-ami-hvm-2.0.20250220.0-x86_64-gp2",
            "name_regex": null,
            "owner_id": "137112412989",
            "owners": [
              "amazon"
            ],
            "platform": "",
            "platform_details": "Linux/UNIX",
            "product_codes": [],
            "public": true,
            "ramdisk_id": "",
            "root_device_name": "/dev/xvda",
            "root_device_type": "ebs",
            "root_snapshot_id": "snap-0bf568edc120fa91f",
            "sriov_net_support": "simple",
            "state": "available",
            "state_reason": {
              "code": "UNSET",
              "message": "UNSET"
            },
            "tags": {},
            "timeouts": null,
            "tpm_support": "",
            "usage_operation": "RunInstances",
            "virtualization_type": "hvm"
          },
          "sensitive_attributes": []
        }
      ]
    },
    {
      "mode": "data",
      "type": "aws_iam_policy_document",
      "name": "s3_access_policy",
      "provider": "provider[\"registry.terraform.io/hashicorp/aws\"]",
      "instances": [
        {
          "schema_version": 0,
          "attributes": {
            "id": "3348972686",
            "json": "{\n  \"Version\": \"2012-10-17\",\n  \"Statement\": [\n    {\n      \"Sid\": \"\",\n      \"Effect\": \"Allow\",\n      \"Action\": \"s3:GetObject\",\n      \"Resource\": \"arn:aws:s3:::lti-project-code-bucket-jlso/*\"\n    }\n  ]\n}",
            "override_json": null,
            "override_policy_documents": null,
            "policy_id": null,
            "source_json": null,
            "source_policy_documents": null,
            "statement": [
              {
                "actions": [
                  "s3:GetObject"
                ],
                "condition": [],
                "effect": "Allow",
                "not_actions": [],
                "not_principals": [],
                "not_resources": [],
                "principals": [],
                "resources": [
                  "arn:aws:s3:::lti-project-code-bucket-jlso/*"
                ],
                "sid": ""
              }
            ],
            "version": "2012-10-17"
          },
          "sensitive_attributes": []
        }
      ]
    },
    {
      "mode": "data",
      "type": "aws_instances",
      "name": "all",
      "provider": "provider[\"registry.terraform.io/hashicorp/aws\"]",
      "instances": [
        {
          "schema_version": 0,
          "attributes": {
            "filter": [
              {
                "name": "instance-state-name",
                "values": [
                  "running"
                ]
              }
            ],
            "id": "us-east-1",
            "ids": [
              "i-074b0bbd1dd0a8082",
              "i-09de555f0afde2819"
            ],
            "instance_state_names": null,
            "instance_tags": null,
            "ipv6_addresses": [],
            "private_ips": [
              "172.31.20.240",
              "172.31.94.246"
            ],
            "public_ips": [
              "54.227.189.221",
              "18.204.199.84"
            ],
            "timeouts": null
          },
          "sensitive_attributes": []
        }
      ]
    },
    {
      "mode": "managed",
      "type": "aws_iam_instance_profile",
      "name": "ec2_instance_profile",
      "provider": "provider[\"registry.terraform.io/hashicorp/aws\"]",
      "instances": [
        {
          "schema_version": 0,
          "attributes": {
            "arn": "arn:aws:iam::076836058049:instance-profile/lti-project-ec2-instance-profile",
            "create_date": "2025-02-27T03:40:49Z",
            "id": "lti-project-ec2-instance-profile",
            "name": "lti-project-ec2-instance-profile",
            "name_prefix": "",
            "path": "/",
            "role": "lti-project-ec2-role",
            "tags": {},
            "tags_all": {},
            "unique_id": "AIPARDY6JGPASAE3QN4GJ"
          },
          "sensitive_attributes": [],
          "private": "bnVsbA==",
          "dependencies": [
            "aws_iam_role.ec2_role"
          ]
        }
      ]
    },
    {
      "mode": "managed",
      "type": "aws_iam_policy",
      "name": "datadog_policy",
      "provider": "provider[\"registry.terraform.io/hashicorp/aws\"]",
      "instances": [
        {
          "schema_version": 0,
          "attributes": {
            "arn": "arn:aws:iam::076836058049:policy/DatadogPolicy-jlso",
            "description": "PolÃ­tica para permitir a Datadog acceder a CloudWatch",
            "id": "arn:aws:iam::076836058049:policy/DatadogPolicy-jlso",
            "name": "DatadogPolicy-jlso",
            "name_prefix": "",
            "path": "/",
            "policy": "{\"Statement\":[{\"Action\":[\"cloudwatch:GetMetricData\",\"cloudwatch:ListMetrics\",\"cloudwatch:GetMetricStatistics\",\"ec2:DescribeInstances\",\"ec2:DescribeRegions\",\"ec2:DescribeTags\",\"ec2:DescribeVolumes\",\"logs:DescribeLogGroups\",\"logs:DescribeLogStreams\",\"logs:GetLogEvents\",\"logs:FilterLogEvents\",\"tag:GetResources\",\"tag:GetTagKeys\",\"tag:GetTagValues\",\"cloudtrail:LookupEvents\",\"cloudtrail:GetTrailStatus\",\"cloudtrail:DescribeTrails\",\"health:DescribeEvents\",\"health:DescribeEventDetails\",\"health:DescribeAffectedEntities\"],\"Effect\":\"Allow\",\"Resource\":\"*\"}],\"Version\":\"2012-10-17\"}",
            "policy_id": "ANPARDY6JGPA67COC57P7",
            "tags": null,
            "tags_all": {}
          },
          "sensitive_attributes": [],
          "private": "bnVsbA=="
        }
      ]
    },
    {
      "mode": "managed",
      "type": "aws_iam_policy",
      "name": "s3_access_policy",
      "provider": "provider[\"registry.terraform.io/hashicorp/aws\"]",
      "instances": [
        {
          "schema_version": 0,
          "attributes": {
            "arn": "arn:aws:iam::076836058049:policy/s3-access-policy",
            "description": "",
            "id": "arn:aws:iam::076836058049:policy/s3-access-policy",
            "name": "s3-access-policy",
            "name_prefix": "",
            "path": "/",
            "policy": "{\"Statement\":[{\"Action\":\"s3:GetObject\",\"Effect\":\"Allow\",\"Resource\":\"arn:aws:s3:::lti-project-code-bucket-jlso/*\",\"Sid\":\"\"}],\"Version\":\"2012-10-17\"}",
            "policy_id": "ANPARDY6JGPA6QHA6ZOTQ",
            "tags": {},
            "tags_all": {}
          },
          "sensitive_attributes": [],
          "private": "bnVsbA==",
          "dependencies": [
            "aws_s3_bucket.code_bucket",
            "data.aws_iam_policy_document.s3_access_policy"
          ]
        }
      ]
    },
    {
      "mode": "managed",
      "type": "aws_iam_role",
      "name": "ec2_role",
      "provider": "provider[\"registry.terraform.io/hashicorp/aws\"]",
      "instances": [
        {
          "schema_version": 0,
          "attributes": {
            "arn": "arn:aws:iam::076836058049:role/lti-project-ec2-role",
            "assume_role_policy": "{\"Statement\":[{\"Action\":\"sts:AssumeRole\",\"Effect\":\"Allow\",\"Principal\":{\"Service\":\"ec2.amazonaws.com\"},\"Sid\":\"\"}],\"Version\":\"2012-10-17\"}",
            "create_date": "2025-02-27T03:40:48Z",
            "description": "",
            "force_detach_policies": false,
            "id": "lti-project-ec2-role",
            "inline_policy": [],
            "managed_policy_arns": [
              "arn:aws:iam::076836058049:policy/s3-access-policy"
            ],
            "max_session_duration": 3600,
            "name": "lti-project-ec2-role",
            "name_prefix": "",
            "path": "/",
            "permissions_boundary": "",
            "role_last_used": [
              {
                "last_used_date": "2025-03-01T18:38:52Z",
                "region": "us-east-1"
              }
            ],
            "tags": {},
            "tags_all": {},
            "unique_id": "AROARDY6JGPA6OUOPMKYK"
          },
          "sensitive_attributes": [],
          "private": "bnVsbA=="
        }
      ]
    },
    {
      "mode": "managed",
      "type": "aws_iam_role_policy_attachment",
      "name": "attach_s3_access_policy",
      "provider": "provider[\"registry.terraform.io/hashicorp/aws\"]",
      "instances": [
        {
          "schema_version": 0,
          "attributes": {
            "id": "lti-project-ec2-role-20250228040309854500000001",
            "policy_arn": "arn:aws:iam::076836058049:policy/s3-access-policy",
            "role": "lti-project-ec2-role"
          },
          "sensitive_attributes": [],
          "private": "bnVsbA==",
          "dependencies": [
            "aws_iam_policy.s3_access_policy",
            "aws_iam_role.ec2_role",
            "aws_s3_bucket.code_bucket",
            "data.aws_iam_policy_document.s3_access_policy"
          ]
        }
      ]
    },
    {
      "mode": "managed",
      "type": "aws_instance",
      "name": "backend",
      "provider": "provider[\"registry.terraform.io/hashicorp/aws\"]",
      "instances": [
        {
          "schema_version": 1,
          "attributes": {
            "ami": "ami-0ace34e9f53c91c5d",
            "arn": "arn:aws:ec2:us-east-1:076836058049:instance/i-0c21033d703746a6c",
            "associate_public_ip_address": true,
            "availability_zone": "us-east-1b",
            "capacity_reservation_specification": [
              {
                "capacity_reservation_preference": "open",
                "capacity_reservation_target": []
              }
            ],
            "cpu_core_count": 1,
            "cpu_options": [
              {
                "amd_sev_snp": "",
                "core_count": 1,
                "threads_per_core": 1
              }
            ],
            "cpu_threads_per_core": 1,
            "credit_specification": [
              {
                "cpu_credits": "standard"
              }
            ],
            "disable_api_stop": false,
            "disable_api_termination": false,
            "ebs_block_device": [],
            "ebs_optimized": false,
            "enclave_options": [
              {
                "enabled": false
              }
            ],
            "ephemeral_block_device": [],
            "get_password_data": false,
            "hibernation": false,
            "host_id": "",
            "host_resource_group_arn": null,
            "iam_instance_profile": "lti-project-ec2-instance-profile",
            "id": "i-0c21033d703746a6c",
            "instance_initiated_shutdown_behavior": "stop",
            "instance_state": "running",
            "instance_type": "t2.micro",
            "ipv6_address_count": 0,
            "ipv6_addresses": [],
            "key_name": "",
            "launch_template": [],
            "maintenance_options": [
              {
                "auto_recovery": "default"
              }
            ],
            "metadata_options": [
              {
                "http_endpoint": "enabled",
                "http_put_response_hop_limit": 1,
                "http_tokens": "optional",
                "instance_metadata_tags": "disabled"
              }
            ],
            "monitoring": false,
            "network_interface": [],
            "outpost_arn": "",
            "password_data": "",
            "placement_group": "",
            "placement_partition_number": 0,
            "primary_network_interface_id": "eni-04801d28baa9d4cb7",
            "private_dns": "ip-172-31-80-91.ec2.internal",
            "private_dns_name_options": [
              {
                "enable_resource_name_dns_a_record": false,
                "enable_resource_name_dns_aaaa_record": false,
                "hostname_type": "ip-name"
              }
            ],
            "private_ip": "172.31.80.91",
            "public_dns": "ec2-34-238-40-71.compute-1.amazonaws.com",
            "public_ip": "34.238.40.71",
            "root_block_device": [
              {
                "delete_on_termination": true,
                "device_name": "/dev/xvda",
                "encrypted": false,
                "iops": 100,
                "kms_key_id": "",
                "tags": {},
                "throughput": 0,
                "volume_id": "vol-03bf491d79dd26032",
                "volume_size": 8,
                "volume_type": "gp2"
              }
            ],
            "secondary_private_ips": [],
            "security_groups": [
              "lti-project-backend-sg-jlso"
            ],
            "source_dest_check": true,
            "subnet_id": "subnet-0d076ae29640fc05b",
            "tags": {
              "Datadog": "true",
              "Name": "lti-project-backend",
              "ScriptHash": "9e1fb5938e580473f00fd7a5fbc02740"
            },
            "tags_all": {
              "Datadog": "true",
              "Name": "lti-project-backend",
              "ScriptHash": "9e1fb5938e580473f00fd7a5fbc02740"
            },
            "tenancy": "default",
            "timeouts": null,
            "user_data": "940c0bff7d6513582385847d041a8d1ad12b9de5",
            "user_data_base64": null,
            "user_data_replace_on_change": true,
            "volume_tags": null,
            "vpc_security_group_ids": [
              "sg-02de136a91b69ff5c"
            ]
          },
          "sensitive_attributes": [],
          "private": "eyJlMmJmYjczMC1lY2FhLTExZTYtOGY4OC0zNDM2M2JjN2M0YzAiOnsiY3JlYXRlIjo2MDAwMDAwMDAwMDAsImRlbGV0ZSI6MTIwMDAwMDAwMDAwMCwidXBkYXRlIjo2MDAwMDAwMDAwMDB9LCJzY2hlbWFfdmVyc2lvbiI6IjEifQ==",
          "dependencies": [
            "aws_iam_instance_profile.ec2_instance_profile",
            "aws_iam_role.ec2_role",
            "aws_security_group.backend_sg",
            "data.aws_ami.amazon_linux"
          ]
        }
      ]
    },
    {
      "mode": "managed",
      "type": "aws_instance",
      "name": "frontend",
      "provider": "provider[\"registry.terraform.io/hashicorp/aws\"]",
      "instances": [
        {
          "schema_version": 1,
          "attributes": {
            "ami": "ami-0ace34e9f53c91c5d",
            "arn": "arn:aws:ec2:us-east-1:076836058049:instance/i-0e880c3344a572c02",
            "associate_public_ip_address": true,
            "availability_zone": "us-east-1c",
            "capacity_reservation_specification": [
              {
                "capacity_reservation_preference": "open",
                "capacity_reservation_target": []
              }
            ],
            "cpu_core_count": 2,
            "cpu_options": [
              {
                "amd_sev_snp": "",
                "core_count": 2,
                "threads_per_core": 1
              }
            ],
            "cpu_threads_per_core": 1,
            "credit_specification": [
              {
                "cpu_credits": "standard"
              }
            ],
            "disable_api_stop": false,
            "disable_api_termination": false,
            "ebs_block_device": [],
            "ebs_optimized": false,
            "enclave_options": [
              {
                "enabled": false
              }
            ],
            "ephemeral_block_device": [],
            "get_password_data": false,
            "hibernation": false,
            "host_id": "",
            "host_resource_group_arn": null,
            "iam_instance_profile": "lti-project-ec2-instance-profile",
            "id": "i-0e880c3344a572c02",
            "instance_initiated_shutdown_behavior": "stop",
            "instance_state": "running",
            "instance_type": "t2.medium",
            "ipv6_address_count": 0,
            "ipv6_addresses": [],
            "key_name": "",
            "launch_template": [],
            "maintenance_options": [
              {
                "auto_recovery": "default"
              }
            ],
            "metadata_options": [
              {
                "http_endpoint": "enabled",
                "http_put_response_hop_limit": 1,
                "http_tokens": "optional",
                "instance_metadata_tags": "disabled"
              }
            ],
            "monitoring": false,
            "network_interface": [],
            "outpost_arn": "",
            "password_data": "",
            "placement_group": "",
            "placement_partition_number": 0,
            "primary_network_interface_id": "eni-047ad0bf9dd05c22c",
            "private_dns": "ip-172-31-27-151.ec2.internal",
            "private_dns_name_options": [
              {
                "enable_resource_name_dns_a_record": false,
                "enable_resource_name_dns_aaaa_record": false,
                "hostname_type": "ip-name"
              }
            ],
            "private_ip": "172.31.27.151",
            "public_dns": "ec2-54-167-51-17.compute-1.amazonaws.com",
            "public_ip": "54.167.51.17",
            "root_block_device": [
              {
                "delete_on_termination": true,
                "device_name": "/dev/xvda",
                "encrypted": false,
                "iops": 100,
                "kms_key_id": "",
                "tags": {},
                "throughput": 0,
                "volume_id": "vol-013d13bc1deedb87b",
                "volume_size": 8,
                "volume_type": "gp2"
              }
            ],
            "secondary_private_ips": [],
            "security_groups": [
              "lti-project-frontend-sg-jlso"
            ],
            "source_dest_check": true,
            "subnet_id": "subnet-04f6892fc106e2228",
            "tags": {
              "Datadog": "true",
              "Name": "lti-project-frontend",
              "ScriptHash": "d370a73250420f401178c4687a93f2cb"
            },
            "tags_all": {
              "Datadog": "true",
              "Name": "lti-project-frontend",
              "ScriptHash": "d370a73250420f401178c4687a93f2cb"
            },
            "tenancy": "default",
            "timeouts": null,
            "user_data": "717060205e878db57d04211c6bb5abfd8d74361b",
            "user_data_base64": null,
            "user_data_replace_on_change": true,
            "volume_tags": null,
            "vpc_security_group_ids": [
              "sg-0c2b8ef5d2157cf20"
            ]
          },
          "sensitive_attributes": [],
          "private": "eyJlMmJmYjczMC1lY2FhLTExZTYtOGY4OC0zNDM2M2JjN2M0YzAiOnsiY3JlYXRlIjo2MDAwMDAwMDAwMDAsImRlbGV0ZSI6MTIwMDAwMDAwMDAwMCwidXBkYXRlIjo2MDAwMDAwMDAwMDB9LCJzY2hlbWFfdmVyc2lvbiI6IjEifQ==",
          "dependencies": [
            "aws_iam_instance_profile.ec2_instance_profile",
            "aws_iam_role.ec2_role",
            "aws_security_group.frontend_sg",
            "data.aws_ami.amazon_linux"
          ]
        }
      ]
    },
    {
      "mode": "managed",
      "type": "aws_s3_bucket",
      "name": "code_bucket",
      "provider": "provider[\"registry.terraform.io/hashicorp/aws\"]",
      "instances": [
        {
          "schema_version": 0,
          "attributes": {
            "acceleration_status": "",
            "acl": null,
            "arn": "arn:aws:s3:::lti-project-code-bucket-jlso",
            "bucket": "lti-project-code-bucket-jlso",
            "bucket_domain_name": "lti-project-code-bucket-jlso.s3.amazonaws.com",
            "bucket_prefix": "",
            "bucket_regional_domain_name": "lti-project-code-bucket-jlso.s3.amazonaws.com",
            "cors_rule": [],
            "force_destroy": false,
            "grant": [
              {
                "id": "87c2645280992506f2a209034ba7a76974580cb7f710455d1785df0cd579750d",
                "permissions": [
                  "FULL_CONTROL"
                ],
                "type": "CanonicalUser",
                "uri": ""
              }
            ],
            "hosted_zone_id": "Z3AQBSTGFYJSTF",
            "id": "lti-project-code-bucket-jlso",
            "lifecycle_rule": [],
            "logging": [],
            "object_lock_configuration": [],
            "object_lock_enabled": false,
            "policy": "",
            "region": "us-east-1",
            "replication_configuration": [],
            "request_payer": "BucketOwner",
            "server_side_encryption_configuration": [
              {
                "rule": [
                  {
                    "apply_server_side_encryption_by_default": [
                      {
                        "kms_master_key_id": "",
                        "sse_algorithm": "AES256"
                      }
                    ],
                    "bucket_key_enabled": false
                  }
                ]
              }
            ],
            "tags": {},
            "tags_all": {},
            "timeouts": null,
            "versioning": [
              {
                "enabled": false,
                "mfa_delete": false
              }
            ],
            "website": [],
            "website_domain": null,
            "website_endpoint": null
          },
          "sensitive_attributes": [],
          "private": "eyJlMmJmYjczMC1lY2FhLTExZTYtOGY4OC0zNDM2M2JjN2M0YzAiOnsiY3JlYXRlIjoxMjAwMDAwMDAwMDAwLCJkZWxldGUiOjM2MDAwMDAwMDAwMDAsInJlYWQiOjEyMDAwMDAwMDAwMDAsInVwZGF0ZSI6MTIwMDAwMDAwMDAwMH19"
        }
      ]
    },
    {
      "mode": "managed",
      "type": "aws_s3_bucket_ownership_controls",
      "name": "code_bucket_ownership",
      "provider": "provider[\"registry.terraform.io/hashicorp/aws\"]",
      "instances": [
        {
          "schema_version": 0,
          "attributes": {
            "bucket": "lti-project-code-bucket-jlso",
            "id": "lti-project-code-bucket-jlso",
            "rule": [
              {
                "object_ownership": "BucketOwnerEnforced"
              }
            ]
          },
          "sensitive_attributes": [],
          "private": "bnVsbA==",
          "dependencies": [
            "aws_s3_bucket.code_bucket"
          ]
        }
      ]
    },
    {
      "mode": "managed",
      "type": "aws_s3_object",
      "name": "backend_zip",
      "provider": "provider[\"registry.terraform.io/hashicorp/aws\"]",
      "instances": [
        {
          "schema_version": 0,
          "attributes": {
            "acl": "private",
            "bucket": "lti-project-code-bucket-jlso",
            "bucket_key_enabled": false,
            "cache_control": "",
            "content": null,
            "content_base64": null,
            "content_disposition": "",
            "content_encoding": "",
            "content_language": "",
            "content_type": "binary/octet-stream",
            "etag": "733be52824c6c6f3b4dd53fb553a051c",
            "force_destroy": false,
            "id": "backend.zip",
            "key": "backend.zip",
            "kms_key_id": null,
            "metadata": {},
            "object_lock_legal_hold_status": "",
            "object_lock_mode": "",
            "object_lock_retain_until_date": "",
            "server_side_encryption": "AES256",
            "source": "../backend.zip",
            "source_hash": null,
            "storage_class": "STANDARD",
            "tags": {},
            "tags_all": {},
            "version_id": "",
            "website_redirect": ""
          },
          "sensitive_attributes": [],
          "private": "bnVsbA==",
          "dependencies": [
            "aws_s3_bucket.code_bucket",
            "aws_s3_bucket_ownership_controls.code_bucket_ownership",
            "null_resource.generate_zip"
          ]
        }
      ]
    },
    {
      "mode": "managed",
      "type": "aws_s3_object",
      "name": "frontend_zip",
      "provider": "provider[\"registry.terraform.io/hashicorp/aws\"]",
      "instances": [
        {
          "schema_version": 0,
          "attributes": {
            "acl": "private",
            "bucket": "lti-project-code-bucket-jlso",
            "bucket_key_enabled": false,
            "cache_control": "",
            "content": null,
            "content_base64": null,
            "content_disposition": "",
            "content_encoding": "",
            "content_language": "",
            "content_type": "binary/octet-stream",
            "etag": "b43637823b460710665a3181ca89f4e9",
            "force_destroy": false,
            "id": "frontend.zip",
            "key": "frontend.zip",
            "kms_key_id": null,
            "metadata": {},
            "object_lock_legal_hold_status": "",
            "object_lock_mode": "",
            "object_lock_retain_until_date": "",
            "server_side_encryption": "AES256",
            "source": "../frontend.zip",
            "source_hash": null,
            "storage_class": "STANDARD",
            "tags": {},
            "tags_all": {},
            "version_id": "",
            "website_redirect": ""
          },
          "sensitive_attributes": [],
          "private": "bnVsbA==",
          "dependencies": [
            "aws_s3_bucket.code_bucket",
            "aws_s3_bucket_ownership_controls.code_bucket_ownership",
            "null_resource.generate_zip"
          ]
        }
      ]
    },
    {
      "mode": "managed",
      "type": "aws_security_group",
      "name": "backend_sg",
      "provider": "provider[\"registry.terraform.io/hashicorp/aws\"]",
      "instances": [
        {
          "schema_version": 1,
          "attributes": {
            "arn": "arn:aws:ec2:us-east-1:076836058049:security-group/sg-02de136a91b69ff5c",
            "description": "Allow HTTP and SSH access",
            "egress": [
              {
                "cidr_blocks": [
                  "0.0.0.0/0"
                ],
                "description": "",
                "from_port": 0,
                "ipv6_cidr_blocks": [],
                "prefix_list_ids": [],
                "protocol": "-1",
                "security_groups": [],
                "self": false,
                "to_port": 0
              }
            ],
            "id": "sg-02de136a91b69ff5c",
            "ingress": [
              {
                "cidr_blocks": [
                  "0.0.0.0/0"
                ],
                "description": "",
                "from_port": 22,
                "ipv6_cidr_blocks": [],
                "prefix_list_ids": [],
                "protocol": "tcp",
                "security_groups": [],
                "self": false,
                "to_port": 22
              },
              {
                "cidr_blocks": [
                  "0.0.0.0/0"
                ],
                "description": "",
                "from_port": 8080,
                "ipv6_cidr_blocks": [],
                "prefix_list_ids": [],
                "protocol": "tcp",
                "security_groups": [],
                "self": false,
                "to_port": 8080
              }
            ],
            "name": "lti-project-backend-sg-jlso",
            "name_prefix": "",
            "owner_id": "076836058049",
            "revoke_rules_on_delete": false,
            "tags": {},
            "tags_all": {},
            "timeouts": null,
            "vpc_id": "vpc-007e9b1a9fa74e27d"
          },
          "sensitive_attributes": [],
          "private": "eyJlMmJmYjczMC1lY2FhLTExZTYtOGY4OC0zNDM2M2JjN2M0YzAiOnsiY3JlYXRlIjo2MDAwMDAwMDAwMDAsImRlbGV0ZSI6OTAwMDAwMDAwMDAwfSwic2NoZW1hX3ZlcnNpb24iOiIxIn0="
        }
      ]
    },
    {
      "mode": "managed",
      "type": "aws_security_group",
      "name": "frontend_sg",
      "provider": "provider[\"registry.terraform.io/hashicorp/aws\"]",
      "instances": [
        {
          "schema_version": 1,
          "attributes": {
            "arn": "arn:aws:ec2:us-east-1:076836058049:security-group/sg-0c2b8ef5d2157cf20",
            "description": "Allow HTTP and SSH access",
            "egress": [
              {
                "cidr_blocks": [
                  "0.0.0.0/0"
                ],
                "description": "",
                "from_port": 0,
                "ipv6_cidr_blocks": [],
                "prefix_list_ids": [],
                "protocol": "-1",
                "security_groups": [],
                "self": false,
                "to_port": 0
              }
            ],
            "id": "sg-0c2b8ef5d2157cf20",
            "ingress": [
              {
                "cidr_blocks": [
                  "0.0.0.0/0"
                ],
                "description": "",
                "from_port": 22,
                "ipv6_cidr_blocks": [],
                "prefix_list_ids": [],
                "protocol": "tcp",
                "security_groups": [],
                "self": false,
                "to_port": 22
              },
              {
                "cidr_blocks": [
                  "0.0.0.0/0"
                ],
                "description": "",
                "from_port": 3000,
                "ipv6_cidr_blocks": [],
                "prefix_list_ids": [],
                "protocol": "tcp",
                "security_groups": [],
                "self": false,
                "to_port": 3000
              }
            ],
            "name": "lti-project-frontend-sg-jlso",
            "name_prefix": "",
            "owner_id": "076836058049",
            "revoke_rules_on_delete": false,
            "tags": {},
            "tags_all": {},
            "timeouts": null,
            "vpc_id": "vpc-007e9b1a9fa74e27d"
          },
          "sensitive_attributes": [],
          "private": "eyJlMmJmYjczMC1lY2FhLTExZTYtOGY4OC0zNDM2M2JjN2M0YzAiOnsiY3JlYXRlIjo2MDAwMDAwMDAwMDAsImRlbGV0ZSI6OTAwMDAwMDAwMDAwfSwic2NoZW1hX3ZlcnNpb24iOiIxIn0="
        }
      ]
    },
    {
      "mode": "managed",
      "type": "datadog_dashboard",
      "name": "ec2_dashboard",
      "provider": "provider[\"registry.terraform.io/datadog/datadog\"]",
      "instances": [
        {
          "schema_version": 0,
          "attributes": {
            "dashboard_lists": null,
            "dashboard_lists_removed": [],
            "description": "Dashboard para monitorizar instancias EC2 - Creado por JLSO",
            "id": "nxe-yem-jyp",
            "is_read_only": false,
            "layout_type": "ordered",
            "notify_list": [],
            "reflow_type": "",
            "restricted_roles": [],
            "tags": [],
            "template_variable": [],
            "template_variable_preset": [],
            "title": "EC2 Monitoring Dashboard - JLSO",
            "url": "/dashboard/nxe-yem-jyp/ec2-monitoring-dashboard---jlso",
            "widget": [
              {
                "alert_graph_definition": [],
                "alert_value_definition": [],
                "change_definition": [],
                "check_status_definition": [],
                "distribution_definition": [],
                "event_stream_definition": [],
                "event_timeline_definition": [],
                "free_text_definition": [],
                "geomap_definition": [],
                "group_definition": [
                  {
                    "background_color": "",
                    "banner_img": "",
                    "layout_type": "ordered",
                    "show_title": true,
                    "title": "CPU Metrics",
                    "widget": [
                      {
                        "alert_graph_definition": [],
                        "alert_value_definition": [],
                        "change_definition": [],
                        "check_status_definition": [],
                        "distribution_definition": [],
                        "event_stream_definition": [],
                        "event_timeline_definition": [],
                        "free_text_definition": [],
                        "geomap_definition": [],
                        "heatmap_definition": [],
                        "hostmap_definition": [],
                        "id": 8817352981671415,
                        "iframe_definition": [],
                        "image_definition": [],
                        "list_stream_definition": [],
                        "log_stream_definition": [],
                        "manage_status_definition": [],
                        "note_definition": [],
                        "powerpack_definition": [],
                        "query_table_definition": [],
                        "query_value_definition": [],
                        "run_workflow_definition": [],
                        "scatterplot_definition": [],
                        "service_level_objective_definition": [],
                        "servicemap_definition": [],
                        "slo_list_definition": [],
                        "split_graph_definition": [],
                        "sunburst_definition": [],
                        "timeseries_definition": [
                          {
                            "custom_link": [],
                            "event": [],
                            "legend_columns": [],
                            "legend_layout": "",
                            "legend_size": "",
                            "live_span": "",
                            "marker": [],
                            "request": [
                              {
                                "apm_query": [],
                                "audit_query": [],
                                "display_type": "line",
                                "formula": [],
                                "log_query": [],
                                "metadata": [],
                                "network_query": [],
                                "on_right_yaxis": false,
                                "process_query": [],
                                "q": "avg:aws.ec2.cpuutilization{*} by {instance_id}",
                                "query": [],
                                "rum_query": [],
                                "security_query": [],
                                "style": []
                              }
                            ],
                            "right_yaxis": [],
                            "show_legend": false,
                            "title": "CPU Utilization",
                            "title_align": "",
                            "title_size": "",
                            "yaxis": [
                              {
                                "include_zero": false,
                                "label": "",
                                "max": "100",
                                "min": "0",
                                "scale": "linear"
                              }
                            ]
                          }
                        ],
                        "toplist_definition": [],
                        "topology_map_definition": [],
                        "trace_service_definition": [],
                        "treemap_definition": [],
                        "widget_layout": []
                      },
                      {
                        "alert_graph_definition": [],
                        "alert_value_definition": [],
                        "change_definition": [],
                        "check_status_definition": [],
                        "distribution_definition": [],
                        "event_stream_definition": [],
                        "event_timeline_definition": [],
                        "free_text_definition": [],
                        "geomap_definition": [],
                        "heatmap_definition": [],
                        "hostmap_definition": [],
                        "id": 5169392733068434,
                        "iframe_definition": [],
                        "image_definition": [],
                        "list_stream_definition": [],
                        "log_stream_definition": [],
                        "manage_status_definition": [],
                        "note_definition": [],
                        "powerpack_definition": [],
                        "query_table_definition": [],
                        "query_value_definition": [],
                        "run_workflow_definition": [],
                        "scatterplot_definition": [],
                        "service_level_objective_definition": [],
                        "servicemap_definition": [],
                        "slo_list_definition": [],
                        "split_graph_definition": [],
                        "sunburst_definition": [],
                        "timeseries_definition": [
                          {
                            "custom_link": [],
                            "event": [],
                            "legend_columns": [],
                            "legend_layout": "",
                            "legend_size": "",
                            "live_span": "",
                            "marker": [],
                            "request": [
                              {
                                "apm_query": [],
                                "audit_query": [],
                                "display_type": "line",
                                "formula": [],
                                "log_query": [],
                                "metadata": [],
                                "network_query": [],
                                "on_right_yaxis": false,
                                "process_query": [],
                                "q": "avg:aws.ec2.cpucredit_usage{*} by {instance_id}",
                                "query": [],
                                "rum_query": [],
                                "security_query": [],
                                "style": []
                              }
                            ],
                            "right_yaxis": [],
                            "show_legend": false,
                            "title": "CPU Credit Usage",
                            "title_align": "",
                            "title_size": "",
                            "yaxis": []
                          }
                        ],
                        "toplist_definition": [],
                        "topology_map_definition": [],
                        "trace_service_definition": [],
                        "treemap_definition": [],
                        "widget_layout": []
                      },
                      {
                        "alert_graph_definition": [],
                        "alert_value_definition": [],
                        "change_definition": [],
                        "check_status_definition": [],
                        "distribution_definition": [],
                        "event_stream_definition": [],
                        "event_timeline_definition": [],
                        "free_text_definition": [],
                        "geomap_definition": [],
                        "heatmap_definition": [],
                        "hostmap_definition": [],
                        "id": 8830755072166687,
                        "iframe_definition": [],
                        "image_definition": [],
                        "list_stream_definition": [],
                        "log_stream_definition": [],
                        "manage_status_definition": [],
                        "note_definition": [],
                        "powerpack_definition": [],
                        "query_table_definition": [],
                        "query_value_definition": [],
                        "run_workflow_definition": [],
                        "scatterplot_definition": [],
                        "service_level_objective_definition": [],
                        "servicemap_definition": [],
                        "slo_list_definition": [],
                        "split_graph_definition": [],
                        "sunburst_definition": [],
                        "timeseries_definition": [
                          {
                            "custom_link": [],
                            "event": [],
                            "legend_columns": [],
                            "legend_layout": "",
                            "legend_size": "",
                            "live_span": "",
                            "marker": [],
                            "request": [
                              {
                                "apm_query": [],
                                "audit_query": [],
                                "display_type": "line",
                                "formula": [],
                                "log_query": [],
                                "metadata": [],
                                "network_query": [],
                                "on_right_yaxis": false,
                                "process_query": [],
                                "q": "avg:aws.ec2.cpucredit_balance{*} by {instance_id}",
                                "query": [],
                                "rum_query": [],
                                "security_query": [],
                                "style": []
                              }
                            ],
                            "right_yaxis": [],
                            "show_legend": false,
                            "title": "CPU Credit Balance",
                            "title_align": "",
                            "title_size": "",
                            "yaxis": []
                          }
                        ],
                        "toplist_definition": [],
                        "topology_map_definition": [],
                        "trace_service_definition": [],
                        "treemap_definition": [],
                        "widget_layout": []
                      }
                    ]
                  }
                ],
                "heatmap_definition": [],
                "hostmap_definition": [],
                "id": 1165055353049032,
                "iframe_definition": [],
                "image_definition": [],
                "list_stream_definition": [],
                "log_stream_definition": [],
                "manage_status_definition": [],
                "note_definition": [],
                "powerpack_definition": [],
                "query_table_definition": [],
                "query_value_definition": [],
                "run_workflow_definition": [],
                "scatterplot_definition": [],
                "service_level_objective_definition": [],
                "servicemap_definition": [],
                "slo_list_definition": [],
                "split_graph_definition": [],
                "sunburst_definition": [],
                "timeseries_definition": [],
                "toplist_definition": [],
                "topology_map_definition": [],
                "trace_service_definition": [],
                "treemap_definition": [],
                "widget_layout": []
              },
              {
                "alert_graph_definition": [],
                "alert_value_definition": [],
                "change_definition": [],
                "check_status_definition": [],
                "distribution_definition": [],
                "event_stream_definition": [],
                "event_timeline_definition": [],
                "free_text_definition": [],
                "geomap_definition": [],
                "group_definition": [
                  {
                    "background_color": "",
                    "banner_img": "",
                    "layout_type": "ordered",
                    "show_title": true,
                    "title": "Memory Metrics",
                    "widget": [
                      {
                        "alert_graph_definition": [],
                        "alert_value_definition": [],
                        "change_definition": [],
                        "check_status_definition": [],
                        "distribution_definition": [],
                        "event_stream_definition": [],
                        "event_timeline_definition": [],
                        "free_text_definition": [],
                        "geomap_definition": [],
                        "heatmap_definition": [],
                        "hostmap_definition": [],
                        "id": 6587249148552485,
                        "iframe_definition": [],
                        "image_definition": [],
                        "list_stream_definition": [],
                        "log_stream_definition": [],
                        "manage_status_definition": [],
                        "note_definition": [],
                        "powerpack_definition": [],
                        "query_table_definition": [],
                        "query_value_definition": [],
                        "run_workflow_definition": [],
                        "scatterplot_definition": [],
                        "service_level_objective_definition": [],
                        "servicemap_definition": [],
                        "slo_list_definition": [],
                        "split_graph_definition": [],
                        "sunburst_definition": [],
                        "timeseries_definition": [
                          {
                            "custom_link": [],
                            "event": [],
                            "legend_columns": [],
                            "legend_layout": "",
                            "legend_size": "",
                            "live_span": "",
                            "marker": [],
                            "request": [
                              {
                                "apm_query": [],
                                "audit_query": [],
                                "display_type": "line",
                                "formula": [],
                                "log_query": [],
                                "metadata": [],
                                "network_query": [],
                                "on_right_yaxis": false,
                                "process_query": [],
                                "q": "avg:system.mem.used{*} by {host}",
                                "query": [],
                                "rum_query": [],
                                "security_query": [],
                                "style": []
                              }
                            ],
                            "right_yaxis": [],
                            "show_legend": false,
                            "title": "Memory Used",
                            "title_align": "",
                            "title_size": "",
                            "yaxis": []
                          }
                        ],
                        "toplist_definition": [],
                        "topology_map_definition": [],
                        "trace_service_definition": [],
                        "treemap_definition": [],
                        "widget_layout": []
                      },
                      {
                        "alert_graph_definition": [],
                        "alert_value_definition": [],
                        "change_definition": [],
                        "check_status_definition": [],
                        "distribution_definition": [],
                        "event_stream_definition": [],
                        "event_timeline_definition": [],
                        "free_text_definition": [],
                        "geomap_definition": [],
                        "heatmap_definition": [],
                        "hostmap_definition": [],
                        "id": 6225925472534246,
                        "iframe_definition": [],
                        "image_definition": [],
                        "list_stream_definition": [],
                        "log_stream_definition": [],
                        "manage_status_definition": [],
                        "note_definition": [],
                        "powerpack_definition": [],
                        "query_table_definition": [],
                        "query_value_definition": [],
                        "run_workflow_definition": [],
                        "scatterplot_definition": [],
                        "service_level_objective_definition": [],
                        "servicemap_definition": [],
                        "slo_list_definition": [],
                        "split_graph_definition": [],
                        "sunburst_definition": [],
                        "timeseries_definition": [
                          {
                            "custom_link": [],
                            "event": [],
                            "legend_columns": [],
                            "legend_layout": "",
                            "legend_size": "",
                            "live_span": "",
                            "marker": [],
                            "request": [
                              {
                                "apm_query": [],
                                "audit_query": [],
                                "display_type": "line",
                                "formula": [],
                                "log_query": [],
                                "metadata": [],
                                "network_query": [],
                                "on_right_yaxis": false,
                                "process_query": [],
                                "q": "avg:system.mem.free{*} by {host}",
                                "query": [],
                                "rum_query": [],
                                "security_query": [],
                                "style": []
                              }
                            ],
                            "right_yaxis": [],
                            "show_legend": false,
                            "title": "Memory Free",
                            "title_align": "",
                            "title_size": "",
                            "yaxis": []
                          }
                        ],
                        "toplist_definition": [],
                        "topology_map_definition": [],
                        "trace_service_definition": [],
                        "treemap_definition": [],
                        "widget_layout": []
                      },
                      {
                        "alert_graph_definition": [],
                        "alert_value_definition": [],
                        "change_definition": [],
                        "check_status_definition": [],
                        "distribution_definition": [],
                        "event_stream_definition": [],
                        "event_timeline_definition": [],
                        "free_text_definition": [],
                        "geomap_definition": [],
                        "heatmap_definition": [],
                        "hostmap_definition": [],
                        "id": 8996098305446665,
                        "iframe_definition": [],
                        "image_definition": [],
                        "list_stream_definition": [],
                        "log_stream_definition": [],
                        "manage_status_definition": [],
                        "note_definition": [],
                        "powerpack_definition": [],
                        "query_table_definition": [],
                        "query_value_definition": [],
                        "run_workflow_definition": [],
                        "scatterplot_definition": [],
                        "service_level_objective_definition": [],
                        "servicemap_definition": [],
                        "slo_list_definition": [],
                        "split_graph_definition": [],
                        "sunburst_definition": [],
                        "timeseries_definition": [
                          {
                            "custom_link": [],
                            "event": [],
                            "legend_columns": [],
                            "legend_layout": "",
                            "legend_size": "",
                            "live_span": "",
                            "marker": [],
                            "request": [
                              {
                                "apm_query": [],
                                "audit_query": [],
                                "display_type": "line",
                                "formula": [],
                                "log_query": [],
                                "metadata": [],
                                "network_query": [],
                                "on_right_yaxis": false,
                                "process_query": [],
                                "q": "avg:system.mem.used{*} by {host} / avg:system.mem.total{*} by {host} * 100",
                                "query": [],
                                "rum_query": [],
                                "security_query": [],
                                "style": []
                              }
                            ],
                            "right_yaxis": [],
                            "show_legend": false,
                            "title": "Memory Usage (%)",
                            "title_align": "",
                            "title_size": "",
                            "yaxis": [
                              {
                                "include_zero": false,
                                "label": "",
                                "max": "100",
                                "min": "0",
                                "scale": "linear"
                              }
                            ]
                          }
                        ],
                        "toplist_definition": [],
                        "topology_map_definition": [],
                        "trace_service_definition": [],
                        "treemap_definition": [],
                        "widget_layout": []
                      }
                    ]
                  }
                ],
                "heatmap_definition": [],
                "hostmap_definition": [],
                "id": 4973893131431854,
                "iframe_definition": [],
                "image_definition": [],
                "list_stream_definition": [],
                "log_stream_definition": [],
                "manage_status_definition": [],
                "note_definition": [],
                "powerpack_definition": [],
                "query_table_definition": [],
                "query_value_definition": [],
                "run_workflow_definition": [],
                "scatterplot_definition": [],
                "service_level_objective_definition": [],
                "servicemap_definition": [],
                "slo_list_definition": [],
                "split_graph_definition": [],
                "sunburst_definition": [],
                "timeseries_definition": [],
                "toplist_definition": [],
                "topology_map_definition": [],
                "trace_service_definition": [],
                "treemap_definition": [],
                "widget_layout": []
              },
              {
                "alert_graph_definition": [],
                "alert_value_definition": [],
                "change_definition": [],
                "check_status_definition": [],
                "distribution_definition": [],
                "event_stream_definition": [],
                "event_timeline_definition": [],
                "free_text_definition": [],
                "geomap_definition": [],
                "group_definition": [
                  {
                    "background_color": "",
                    "banner_img": "",
                    "layout_type": "ordered",
                    "show_title": true,
                    "title": "Network Metrics",
                    "widget": [
                      {
                        "alert_graph_definition": [],
                        "alert_value_definition": [],
                        "change_definition": [],
                        "check_status_definition": [],
                        "distribution_definition": [],
                        "event_stream_definition": [],
                        "event_timeline_definition": [],
                        "free_text_definition": [],
                        "geomap_definition": [],
                        "heatmap_definition": [],
                        "hostmap_definition": [],
                        "id": 7977145337102549,
                        "iframe_definition": [],
                        "image_definition": [],
                        "list_stream_definition": [],
                        "log_stream_definition": [],
                        "manage_status_definition": [],
                        "note_definition": [],
                        "powerpack_definition": [],
                        "query_table_definition": [],
                        "query_value_definition": [],
                        "run_workflow_definition": [],
                        "scatterplot_definition": [],
                        "service_level_objective_definition": [],
                        "servicemap_definition": [],
                        "slo_list_definition": [],
                        "split_graph_definition": [],
                        "sunburst_definition": [],
                        "timeseries_definition": [
                          {
                            "custom_link": [],
                            "event": [],
                            "legend_columns": [],
                            "legend_layout": "",
                            "legend_size": "",
                            "live_span": "",
                            "marker": [],
                            "request": [
                              {
                                "apm_query": [],
                                "audit_query": [],
                                "display_type": "area",
                                "formula": [],
                                "log_query": [],
                                "metadata": [],
                                "network_query": [],
                                "on_right_yaxis": false,
                                "process_query": [],
                                "q": "avg:aws.ec2.network_in{*} by {instance_id}",
                                "query": [],
                                "rum_query": [],
                                "security_query": [],
                                "style": []
                              }
                            ],
                            "right_yaxis": [],
                            "show_legend": false,
                            "title": "Network In",
                            "title_align": "",
                            "title_size": "",
                            "yaxis": []
                          }
                        ],
                        "toplist_definition": [],
                        "topology_map_definition": [],
                        "trace_service_definition": [],
                        "treemap_definition": [],
                        "widget_layout": []
                      },
                      {
                        "alert_graph_definition": [],
                        "alert_value_definition": [],
                        "change_definition": [],
                        "check_status_definition": [],
                        "distribution_definition": [],
                        "event_stream_definition": [],
                        "event_timeline_definition": [],
                        "free_text_definition": [],
                        "geomap_definition": [],
                        "heatmap_definition": [],
                        "hostmap_definition": [],
                        "id": 1360221982148534,
                        "iframe_definition": [],
                        "image_definition": [],
                        "list_stream_definition": [],
                        "log_stream_definition": [],
                        "manage_status_definition": [],
                        "note_definition": [],
                        "powerpack_definition": [],
                        "query_table_definition": [],
                        "query_value_definition": [],
                        "run_workflow_definition": [],
                        "scatterplot_definition": [],
                        "service_level_objective_definition": [],
                        "servicemap_definition": [],
                        "slo_list_definition": [],
                        "split_graph_definition": [],
                        "sunburst_definition": [],
                        "timeseries_definition": [
                          {
                            "custom_link": [],
                            "event": [],
                            "legend_columns": [],
                            "legend_layout": "",
                            "legend_size": "",
                            "live_span": "",
                            "marker": [],
                            "request": [
                              {
                                "apm_query": [],
                                "audit_query": [],
                                "display_type": "area",
                                "formula": [],
                                "log_query": [],
                                "metadata": [],
                                "network_query": [],
                                "on_right_yaxis": false,
                                "process_query": [],
                                "q": "avg:aws.ec2.network_out{*} by {instance_id}",
                                "query": [],
                                "rum_query": [],
                                "security_query": [],
                                "style": []
                              }
                            ],
                            "right_yaxis": [],
                            "show_legend": false,
                            "title": "Network Out",
                            "title_align": "",
                            "title_size": "",
                            "yaxis": []
                          }
                        ],
                        "toplist_definition": [],
                        "topology_map_definition": [],
                        "trace_service_definition": [],
                        "treemap_definition": [],
                        "widget_layout": []
                      },
                      {
                        "alert_graph_definition": [],
                        "alert_value_definition": [],
                        "change_definition": [],
                        "check_status_definition": [],
                        "distribution_definition": [],
                        "event_stream_definition": [],
                        "event_timeline_definition": [],
                        "free_text_definition": [],
                        "geomap_definition": [],
                        "heatmap_definition": [],
                        "hostmap_definition": [],
                        "id": 5638581970025362,
                        "iframe_definition": [],
                        "image_definition": [],
                        "list_stream_definition": [],
                        "log_stream_definition": [],
                        "manage_status_definition": [],
                        "note_definition": [],
                        "powerpack_definition": [],
                        "query_table_definition": [],
                        "query_value_definition": [],
                        "run_workflow_definition": [],
                        "scatterplot_definition": [],
                        "service_level_objective_definition": [],
                        "servicemap_definition": [],
                        "slo_list_definition": [],
                        "split_graph_definition": [],
                        "sunburst_definition": [],
                        "timeseries_definition": [
                          {
                            "custom_link": [],
                            "event": [],
                            "legend_columns": [],
                            "legend_layout": "",
                            "legend_size": "",
                            "live_span": "",
                            "marker": [],
                            "request": [
                              {
                                "apm_query": [],
                                "audit_query": [],
                                "display_type": "line",
                                "formula": [],
                                "log_query": [],
                                "metadata": [],
                                "network_query": [],
                                "on_right_yaxis": false,
                                "process_query": [],
                                "q": "avg:aws.ec2.network_packets_in{*} by {instance_id}",
                                "query": [],
                                "rum_query": [],
                                "security_query": [],
                                "style": []
                              },
                              {
                                "apm_query": [],
                                "audit_query": [],
                                "display_type": "line",
                                "formula": [],
                                "log_query": [],
                                "metadata": [],
                                "network_query": [],
                                "on_right_yaxis": false,
                                "process_query": [],
                                "q": "avg:aws.ec2.network_packets_out{*} by {instance_id}",
                                "query": [],
                                "rum_query": [],
                                "security_query": [],
                                "style": []
                              }
                            ],
                            "right_yaxis": [],
                            "show_legend": false,
                            "title": "Network Packets In/Out",
                            "title_align": "",
                            "title_size": "",
                            "yaxis": []
                          }
                        ],
                        "toplist_definition": [],
                        "topology_map_definition": [],
                        "trace_service_definition": [],
                        "treemap_definition": [],
                        "widget_layout": []
                      }
                    ]
                  }
                ],
                "heatmap_definition": [],
                "hostmap_definition": [],
                "id": 8334159348843580,
                "iframe_definition": [],
                "image_definition": [],
                "list_stream_definition": [],
                "log_stream_definition": [],
                "manage_status_definition": [],
                "note_definition": [],
                "powerpack_definition": [],
                "query_table_definition": [],
                "query_value_definition": [],
                "run_workflow_definition": [],
                "scatterplot_definition": [],
                "service_level_objective_definition": [],
                "servicemap_definition": [],
                "slo_list_definition": [],
                "split_graph_definition": [],
                "sunburst_definition": [],
                "timeseries_definition": [],
                "toplist_definition": [],
                "topology_map_definition": [],
                "trace_service_definition": [],
                "treemap_definition": [],
                "widget_layout": []
              },
              {
                "alert_graph_definition": [],
                "alert_value_definition": [],
                "change_definition": [],
                "check_status_definition": [],
                "distribution_definition": [],
                "event_stream_definition": [],
                "event_timeline_definition": [],
                "free_text_definition": [],
                "geomap_definition": [],
                "group_definition": [
                  {
                    "background_color": "",
                    "banner_img": "",
                    "layout_type": "ordered",
                    "show_title": true,
                    "title": "Disk Metrics",
                    "widget": [
                      {
                        "alert_graph_definition": [],
                        "alert_value_definition": [],
                        "change_definition": [],
                        "check_status_definition": [],
                        "distribution_definition": [],
                        "event_stream_definition": [],
                        "event_timeline_definition": [],
                        "free_text_definition": [],
                        "geomap_definition": [],
                        "heatmap_definition": [],
                        "hostmap_definition": [],
                        "id": 1475489054566809,
                        "iframe_definition": [],
                        "image_definition": [],
                        "list_stream_definition": [],
                        "log_stream_definition": [],
                        "manage_status_definition": [],
                        "note_definition": [],
                        "powerpack_definition": [],
                        "query_table_definition": [],
                        "query_value_definition": [],
                        "run_workflow_definition": [],
                        "scatterplot_definition": [],
                        "service_level_objective_definition": [],
                        "servicemap_definition": [],
                        "slo_list_definition": [],
                        "split_graph_definition": [],
                        "sunburst_definition": [],
                        "timeseries_definition": [
                          {
                            "custom_link": [],
                            "event": [],
                            "legend_columns": [],
                            "legend_layout": "",
                            "legend_size": "",
                            "live_span": "",
                            "marker": [],
                            "request": [
                              {
                                "apm_query": [],
                                "audit_query": [],
                                "display_type": "area",
                                "formula": [],
                                "log_query": [],
                                "metadata": [],
                                "network_query": [],
                                "on_right_yaxis": false,
                                "process_query": [],
                                "q": "avg:aws.ec2.disk_read_bytes{*} by {instance_id}",
                                "query": [],
                                "rum_query": [],
                                "security_query": [],
                                "style": []
                              }
                            ],
                            "right_yaxis": [],
                            "show_legend": false,
                            "title": "Disk Read Bytes",
                            "title_align": "",
                            "title_size": "",
                            "yaxis": []
                          }
                        ],
                        "toplist_definition": [],
                        "topology_map_definition": [],
                        "trace_service_definition": [],
                        "treemap_definition": [],
                        "widget_layout": []
                      },
                      {
                        "alert_graph_definition": [],
                        "alert_value_definition": [],
                        "change_definition": [],
                        "check_status_definition": [],
                        "distribution_definition": [],
                        "event_stream_definition": [],
                        "event_timeline_definition": [],
                        "free_text_definition": [],
                        "geomap_definition": [],
                        "heatmap_definition": [],
                        "hostmap_definition": [],
                        "id": 289983314445336,
                        "iframe_definition": [],
                        "image_definition": [],
                        "list_stream_definition": [],
                        "log_stream_definition": [],
                        "manage_status_definition": [],
                        "note_definition": [],
                        "powerpack_definition": [],
                        "query_table_definition": [],
                        "query_value_definition": [],
                        "run_workflow_definition": [],
                        "scatterplot_definition": [],
                        "service_level_objective_definition": [],
                        "servicemap_definition": [],
                        "slo_list_definition": [],
                        "split_graph_definition": [],
                        "sunburst_definition": [],
                        "timeseries_definition": [
                          {
                            "custom_link": [],
                            "event": [],
                            "legend_columns": [],
                            "legend_layout": "",
                            "legend_size": "",
                            "live_span": "",
                            "marker": [],
                            "request": [
                              {
                                "apm_query": [],
                                "audit_query": [],
                                "display_type": "area",
                                "formula": [],
                                "log_query": [],
                                "metadata": [],
                                "network_query": [],
                                "on_right_yaxis": false,
                                "process_query": [],
                                "q": "avg:aws.ec2.disk_write_bytes{*} by {instance_id}",
                                "query": [],
                                "rum_query": [],
                                "security_query": [],
                                "style": []
                              }
                            ],
                            "right_yaxis": [],
                            "show_legend": false,
                            "title": "Disk Write Bytes",
                            "title_align": "",
                            "title_size": "",
                            "yaxis": []
                          }
                        ],
                        "toplist_definition": [],
                        "topology_map_definition": [],
                        "trace_service_definition": [],
                        "treemap_definition": [],
                        "widget_layout": []
                      },
                      {
                        "alert_graph_definition": [],
                        "alert_value_definition": [],
                        "change_definition": [],
                        "check_status_definition": [],
                        "distribution_definition": [],
                        "event_stream_definition": [],
                        "event_timeline_definition": [],
                        "free_text_definition": [],
                        "geomap_definition": [],
                        "heatmap_definition": [],
                        "hostmap_definition": [],
                        "id": 3525039130735848,
                        "iframe_definition": [],
                        "image_definition": [],
                        "list_stream_definition": [],
                        "log_stream_definition": [],
                        "manage_status_definition": [],
                        "note_definition": [],
                        "powerpack_definition": [],
                        "query_table_definition": [],
                        "query_value_definition": [],
                        "run_workflow_definition": [],
                        "scatterplot_definition": [],
                        "service_level_objective_definition": [],
                        "servicemap_definition": [],
                        "slo_list_definition": [],
                        "split_graph_definition": [],
                        "sunburst_definition": [],
                        "timeseries_definition": [
                          {
                            "custom_link": [],
                            "event": [],
                            "legend_columns": [],
                            "legend_layout": "",
                            "legend_size": "",
                            "live_span": "",
                            "marker": [],
                            "request": [
                              {
                                "apm_query": [],
                                "audit_query": [],
                                "display_type": "line",
                                "formula": [],
                                "log_query": [],
                                "metadata": [],
                                "network_query": [],
                                "on_right_yaxis": false,
                                "process_query": [],
                                "q": "avg:system.disk.in_use{*} by {host,device} * 100",
                                "query": [],
                                "rum_query": [],
                                "security_query": [],
                                "style": []
                              }
                            ],
                            "right_yaxis": [],
                            "show_legend": false,
                            "title": "Disk Usage (%)",
                            "title_align": "",
                            "title_size": "",
                            "yaxis": [
                              {
                                "include_zero": false,
                                "label": "",
                                "max": "100",
                                "min": "0",
                                "scale": "linear"
                              }
                            ]
                          }
                        ],
                        "toplist_definition": [],
                        "topology_map_definition": [],
                        "trace_service_definition": [],
                        "treemap_definition": [],
                        "widget_layout": []
                      }
                    ]
                  }
                ],
                "heatmap_definition": [],
                "hostmap_definition": [],
                "id": 2359243068844286,
                "iframe_definition": [],
                "image_definition": [],
                "list_stream_definition": [],
                "log_stream_definition": [],
                "manage_status_definition": [],
                "note_definition": [],
                "powerpack_definition": [],
                "query_table_definition": [],
                "query_value_definition": [],
                "run_workflow_definition": [],
                "scatterplot_definition": [],
                "service_level_objective_definition": [],
                "servicemap_definition": [],
                "slo_list_definition": [],
                "split_graph_definition": [],
                "sunburst_definition": [],
                "timeseries_definition": [],
                "toplist_definition": [],
                "topology_map_definition": [],
                "trace_service_definition": [],
                "treemap_definition": [],
                "widget_layout": []
              },
              {
                "alert_graph_definition": [],
                "alert_value_definition": [],
                "change_definition": [],
                "check_status_definition": [],
                "distribution_definition": [],
                "event_stream_definition": [],
                "event_timeline_definition": [],
                "free_text_definition": [],
                "geomap_definition": [],
                "group_definition": [],
                "heatmap_definition": [],
                "hostmap_definition": [],
                "id": 6573297333858929,
                "iframe_definition": [],
                "image_definition": [],
                "list_stream_definition": [],
                "log_stream_definition": [],
                "manage_status_definition": [],
                "note_definition": [],
                "powerpack_definition": [],
                "query_table_definition": [],
                "query_value_definition": [],
                "run_workflow_definition": [],
                "scatterplot_definition": [],
                "service_level_objective_definition": [],
                "servicemap_definition": [],
                "slo_list_definition": [],
                "split_graph_definition": [],
                "sunburst_definition": [],
                "timeseries_definition": [],
                "toplist_definition": [
                  {
                    "custom_link": [],
                    "live_span": "",
                    "request": [
                      {
                        "apm_query": [],
                        "audit_query": [],
                        "conditional_formats": [],
                        "formula": [],
                        "log_query": [],
                        "process_query": [],
                        "q": "top(avg:aws.ec2.cpuutilization{*} by {instance_id}, 10, 'mean', 'desc')",
                        "query": [],
                        "rum_query": [],
                        "security_query": [],
                        "style": []
                      }
                    ],
                    "style": [],
                    "title": "Top Instances by CPU Usage",
                    "title_align": "",
                    "title_size": ""
                  }
                ],
                "topology_map_definition": [],
                "trace_service_definition": [],
                "treemap_definition": [],
                "widget_layout": []
              },
              {
                "alert_graph_definition": [],
                "alert_value_definition": [],
                "change_definition": [],
                "check_status_definition": [],
                "distribution_definition": [],
                "event_stream_definition": [],
                "event_timeline_definition": [],
                "free_text_definition": [],
                "geomap_definition": [],
                "group_definition": [],
                "heatmap_definition": [],
                "hostmap_definition": [],
                "id": 8488248833146635,
                "iframe_definition": [],
                "image_definition": [],
                "list_stream_definition": [],
                "log_stream_definition": [],
                "manage_status_definition": [],
                "note_definition": [
                  {
                    "background_color": "gray",
                    "content": "Dashboard creado con Terraform para monitorizar instancias EC2 en AWS. Última actualización: 01-03-2025",
                    "font_size": "14",
                    "has_padding": true,
                    "show_tick": true,
                    "text_align": "center",
                    "tick_edge": "bottom",
                    "tick_pos": "bottom",
                    "vertical_align": ""
                  }
                ],
                "powerpack_definition": [],
                "query_table_definition": [],
                "query_value_definition": [],
                "run_workflow_definition": [],
                "scatterplot_definition": [],
                "service_level_objective_definition": [],
                "servicemap_definition": [],
                "slo_list_definition": [],
                "split_graph_definition": [],
                "sunburst_definition": [],
                "timeseries_definition": [],
                "toplist_definition": [],
                "topology_map_definition": [],
                "trace_service_definition": [],
                "treemap_definition": [],
                "widget_layout": []
              }
            ]
          },
          "sensitive_attributes": [],
          "private": "bnVsbA=="
        }
      ]
    },
    {
      "mode": "managed",
      "type": "datadog_monitor",
      "name": "ec2_status_check",
      "provider": "provider[\"registry.terraform.io/datadog/datadog\"]",
      "instances": [
        {
          "schema_version": 0,
          "attributes": {
            "enable_logs_sample": null,
            "enable_samples": null,
            "escalation_message": "",
            "evaluation_delay": 60,
            "force_delete": null,
            "group_retention_duration": "",
            "groupby_simple_monitor": null,
            "id": "165675237",
            "include_tags": true,
            "locked": false,
            "message": "La instancia EC2 no está pasando los status checks durante más de 5 minutos.\n\n@slack-sre-alerts\n@email-jlsanchez.oc@gmail.com",
            "monitor_threshold_windows": [],
            "monitor_thresholds": [
              {
                "critical": "0",
                "critical_recovery": "",
                "ok": "",
                "unknown": "",
                "warning": "",
                "warning_recovery": ""
              }
            ],
            "name": "Instancia EC2 no disponible - JLSO",
            "new_group_delay": 300,
            "new_host_delay": 300,
            "no_data_timeframe": 10,
            "notification_preset_name": "",
            "notify_audit": false,
            "notify_by": [],
            "notify_no_data": true,
            "on_missing_data": "",
            "priority": "",
            "query": "min(last_5m):avg:aws.ec2.status_check_failed{*} by {instance_id} \u003e 0",
            "renotify_interval": 30,
            "renotify_occurrences": 0,
            "renotify_statuses": null,
            "require_full_window": false,
            "restricted_roles": null,
            "scheduling_options": [],
            "tags": [
              "application:lti-project",
              "env:production",
              "managed-by:terraform",
              "service:ec2",
              "team:sre"
            ],
            "timeout_h": 0,
            "type": "metric alert",
            "validate": null,
            "variables": []
          },
          "sensitive_attributes": [],
          "private": "bnVsbA=="
        }
      ]
    },
    {
      "mode": "managed",
      "type": "datadog_monitor",
      "name": "high_cpu",
      "provider": "provider[\"registry.terraform.io/datadog/datadog\"]",
      "instances": [
        {
          "schema_version": 0,
          "attributes": {
            "enable_logs_sample": null,
            "enable_samples": null,
            "escalation_message": "",
            "evaluation_delay": 60,
            "force_delete": null,
            "group_retention_duration": "",
            "groupby_simple_monitor": null,
            "id": "165675240",
            "include_tags": true,
            "locked": false,
            "message": "La utilización de CPU está por encima del 80% durante más de 5 minutos.\n\n@slack-sre-alerts\n@email-jlsanchez.oc@gmail.com",
            "monitor_threshold_windows": [],
            "monitor_thresholds": [
              {
                "critical": "80",
                "critical_recovery": "",
                "ok": "",
                "unknown": "",
                "warning": "70",
                "warning_recovery": ""
              }
            ],
            "name": "Alta utilización de CPU en instancias EC2 - JLSO",
            "new_group_delay": 300,
            "new_host_delay": 300,
            "no_data_timeframe": 0,
            "notification_preset_name": "",
            "notify_audit": false,
            "notify_by": [],
            "notify_no_data": false,
            "on_missing_data": "",
            "priority": "",
            "query": "avg(last_5m):avg:aws.ec2.cpuutilization{*} by {instance_id} \u003e 80",
            "renotify_interval": 60,
            "renotify_occurrences": 0,
            "renotify_statuses": null,
            "require_full_window": false,
            "restricted_roles": null,
            "scheduling_options": [],
            "tags": [
              "application:lti-project",
              "env:production",
              "managed-by:terraform",
              "service:ec2",
              "team:sre"
            ],
            "timeout_h": 0,
            "type": "metric alert",
            "validate": null,
            "variables": []
          },
          "sensitive_attributes": [],
          "private": "bnVsbA=="
        }
      ]
    },
    {
      "mode": "managed",
      "type": "datadog_monitor",
      "name": "high_disk",
      "provider": "provider[\"registry.terraform.io/datadog/datadog\"]",
      "instances": [
        {
          "schema_version": 0,
          "attributes": {
            "enable_logs_sample": null,
            "enable_samples": null,
            "escalation_message": "",
            "evaluation_delay": 60,
            "force_delete": null,
            "group_retention_duration": "",
            "groupby_simple_monitor": null,
            "id": "165675239",
            "include_tags": true,
            "locked": false,
            "message": "El uso de disco está por encima del 85% durante más de 10 minutos.\n\n@slack-sre-alerts\n@email-jlsanchez.oc@gmail.com",
            "monitor_threshold_windows": [],
            "monitor_thresholds": [
              {
                "critical": "85",
                "critical_recovery": "",
                "ok": "",
                "unknown": "",
                "warning": "75",
                "warning_recovery": ""
              }
            ],
            "name": "Alto uso de disco en instancias EC2 - JLSO",
            "new_group_delay": 300,
            "new_host_delay": 300,
            "no_data_timeframe": 0,
            "notification_preset_name": "",
            "notify_audit": false,
            "notify_by": [],
            "notify_no_data": false,
            "on_missing_data": "",
            "priority": "",
            "query": "avg(last_10m):avg:system.disk.in_use{*} by {host,device} * 100 \u003e 85",
            "renotify_interval": 60,
            "renotify_occurrences": 0,
            "renotify_statuses": null,
            "require_full_window": false,
            "restricted_roles": null,
            "scheduling_options": [],
            "tags": [
              "application:lti-project",
              "env:production",
              "managed-by:terraform",
              "service:ec2",
              "team:sre"
            ],
            "timeout_h": 0,
            "type": "metric alert",
            "validate": null,
            "variables": []
          },
          "sensitive_attributes": [],
          "private": "bnVsbA=="
        }
      ]
    },
    {
      "mode": "managed",
      "type": "datadog_monitor",
      "name": "high_memory",
      "provider": "provider[\"registry.terraform.io/datadog/datadog\"]",
      "instances": [
        {
          "schema_version": 0,
          "attributes": {
            "enable_logs_sample": null,
            "enable_samples": null,
            "escalation_message": "",
            "evaluation_delay": 60,
            "force_delete": null,
            "group_retention_duration": "",
            "groupby_simple_monitor": null,
            "id": "165675238",
            "include_tags": true,
            "locked": false,
            "message": "La utilización de memoria está por encima del 85% durante más de 5 minutos.\n\n@slack-sre-alerts\n@email-jlsanchez.oc@gmail.com",
            "monitor_threshold_windows": [],
            "monitor_thresholds": [
              {
                "critical": "85",
                "critical_recovery": "",
                "ok": "",
                "unknown": "",
                "warning": "75",
                "warning_recovery": ""
              }
            ],
            "name": "Alta utilización de memoria en instancias EC2 - JLSO",
            "new_group_delay": 300,
            "new_host_delay": 300,
            "no_data_timeframe": 0,
            "notification_preset_name": "",
            "notify_audit": false,
            "notify_by": [],
            "notify_no_data": false,
            "on_missing_data": "",
            "priority": "",
            "query": "avg(last_5m):avg:system.mem.used{*} by {host} / avg:system.mem.total{*} by {host} * 100 \u003e 85",
            "renotify_interval": 60,
            "renotify_occurrences": 0,
            "renotify_statuses": null,
            "require_full_window": false,
            "restricted_roles": null,
            "scheduling_options": [],
            "tags": [
              "application:lti-project",
              "env:production",
              "managed-by:terraform",
              "service:ec2",
              "team:sre"
            ],
            "timeout_h": 0,
            "type": "metric alert",
            "validate": null,
            "variables": []
          },
          "sensitive_attributes": [],
          "private": "bnVsbA=="
        }
      ]
    },
    {
      "mode": "managed",
      "type": "null_resource",
      "name": "generate_zip",
      "provider": "provider[\"registry.terraform.io/hashicorp/null\"]",
      "instances": [
        {
          "schema_version": 0,
          "attributes": {
            "id": "5346693206766755602",
            "triggers": {
              "always_run": "2025-03-01T19:14:24Z"
            }
          },
          "sensitive_attributes": []
        }
      ]
    }
  ],
  "check_results": null
}
